// !$*UTF8*$!
{
	archiveVersion = 1;
	classes = {
	};
	objectVersion = 46;
	objects = {

/* Begin PBXBuildFile section */
		10D90A661A390E8A00A6EF2C /* Asset.hpp in Headers */ = {isa = PBXBuildFile; fileRef = 10D90A5D1A390E8A00A6EF2C /* Asset.hpp */; };
		10D90A671A390E8A00A6EF2C /* AssetManager.hpp in Headers */ = {isa = PBXBuildFile; fileRef = 10D90A5E1A390E8A00A6EF2C /* AssetManager.hpp */; };
		10D90A681A390E8A00A6EF2C /* Model.hpp in Headers */ = {isa = PBXBuildFile; fileRef = 10D90A5F1A390E8A00A6EF2C /* Model.hpp */; };
		10D90A691A390E8A00A6EF2C /* Texture2D.hpp in Headers */ = {isa = PBXBuildFile; fileRef = 10D90A601A390E8A00A6EF2C /* Texture2D.hpp */; };
		10D90A6A1A390E8A00A6EF2C /* Asset.cpp in Sources */ = {isa = PBXBuildFile; fileRef = 10D90A621A390E8A00A6EF2C /* Asset.cpp */; };
		10D90A6B1A390E8A00A6EF2C /* AssetManager.cpp in Sources */ = {isa = PBXBuildFile; fileRef = 10D90A631A390E8A00A6EF2C /* AssetManager.cpp */; };
		10D90A6C1A390E8A00A6EF2C /* Model.cpp in Sources */ = {isa = PBXBuildFile; fileRef = 10D90A641A390E8A00A6EF2C /* Model.cpp */; };
		10D90A6D1A390E8A00A6EF2C /* Texture2D.cpp in Sources */ = {isa = PBXBuildFile; fileRef = 10D90A651A390E8A00A6EF2C /* Texture2D.cpp */; };
/* End PBXBuildFile section */

/* Begin PBXFileReference section */
		10D90A4E1A390E6500A6EF2C /* libAssetManager.a */ = {isa = PBXFileReference; explicitFileType = archive.ar; includeInIndex = 0; path = libAssetManager.a; sourceTree = BUILT_PRODUCTS_DIR; };
		10D90A5D1A390E8A00A6EF2C /* Asset.hpp */ = {isa = PBXFileReference; fileEncoding = 4; lastKnownFileType = sourcecode.cpp.h; path = Asset.hpp; sourceTree = "<group>"; };
		10D90A5E1A390E8A00A6EF2C /* AssetManager.hpp */ = {isa = PBXFileReference; fileEncoding = 4; lastKnownFileType = sourcecode.cpp.h; path = AssetManager.hpp; sourceTree = "<group>"; };
		10D90A5F1A390E8A00A6EF2C /* Model.hpp */ = {isa = PBXFileReference; fileEncoding = 4; lastKnownFileType = sourcecode.cpp.h; path = Model.hpp; sourceTree = "<group>"; };
		10D90A601A390E8A00A6EF2C /* Texture2D.hpp */ = {isa = PBXFileReference; fileEncoding = 4; lastKnownFileType = sourcecode.cpp.h; path = Texture2D.hpp; sourceTree = "<group>"; };
		10D90A621A390E8A00A6EF2C /* Asset.cpp */ = {isa = PBXFileReference; fileEncoding = 4; lastKnownFileType = sourcecode.cpp.cpp; path = Asset.cpp; sourceTree = "<group>"; };
		10D90A631A390E8A00A6EF2C /* AssetManager.cpp */ = {isa = PBXFileReference; fileEncoding = 4; lastKnownFileType = sourcecode.cpp.cpp; path = AssetManager.cpp; sourceTree = "<group>"; };
		10D90A641A390E8A00A6EF2C /* Model.cpp */ = {isa = PBXFileReference; fileEncoding = 4; lastKnownFileType = sourcecode.cpp.cpp; path = Model.cpp; sourceTree = "<group>"; };
		10D90A651A390E8A00A6EF2C /* Texture2D.cpp */ = {isa = PBXFileReference; fileEncoding = 4; lastKnownFileType = sourcecode.cpp.cpp; path = Texture2D.cpp; sourceTree = "<group>"; };
/* End PBXFileReference section */

/* Begin PBXFrameworksBuildPhase section */
		10D90A4B1A390E6500A6EF2C /* Frameworks */ = {
			isa = PBXFrameworksBuildPhase;
			buildActionMask = 2147483647;
			files = (
			);
			runOnlyForDeploymentPostprocessing = 0;
		};
/* End PBXFrameworksBuildPhase section */

/* Begin PBXGroup section */
		10D90A451A390E6500A6EF2C = {
			isa = PBXGroup;
			children = (
				10D90A5C1A390E8A00A6EF2C /* Include */,
				10D90A611A390E8A00A6EF2C /* Source */,
				10D90A4F1A390E6500A6EF2C /* Products */,
			);
			sourceTree = "<group>";
		};
		10D90A4F1A390E6500A6EF2C /* Products */ = {
			isa = PBXGroup;
			children = (
				10D90A4E1A390E6500A6EF2C /* libAssetManager.a */,
			);
			name = Products;
			sourceTree = "<group>";
		};
		10D90A5C1A390E8A00A6EF2C /* Include */ = {
			isa = PBXGroup;
			children = (
				10D90A5D1A390E8A00A6EF2C /* Asset.hpp */,
				10D90A5E1A390E8A00A6EF2C /* AssetManager.hpp */,
				10D90A5F1A390E8A00A6EF2C /* Model.hpp */,
				10D90A601A390E8A00A6EF2C /* Texture2D.hpp */,
			);
			path = Include;
			sourceTree = "<group>";
		};
		10D90A611A390E8A00A6EF2C /* Source */ = {
			isa = PBXGroup;
			children = (
				10D90A621A390E8A00A6EF2C /* Asset.cpp */,
				10D90A631A390E8A00A6EF2C /* AssetManager.cpp */,
				10D90A641A390E8A00A6EF2C /* Model.cpp */,
				10D90A651A390E8A00A6EF2C /* Texture2D.cpp */,
			);
			path = Source;
			sourceTree = "<group>";
		};
/* End PBXGroup section */

/* Begin PBXHeadersBuildPhase section */
		10D90A4C1A390E6500A6EF2C /* Headers */ = {
			isa = PBXHeadersBuildPhase;
			buildActionMask = 2147483647;
			files = (
				10D90A681A390E8A00A6EF2C /* Model.hpp in Headers */,
				10D90A661A390E8A00A6EF2C /* Asset.hpp in Headers */,
				10D90A691A390E8A00A6EF2C /* Texture2D.hpp in Headers */,
				10D90A671A390E8A00A6EF2C /* AssetManager.hpp in Headers */,
			);
			runOnlyForDeploymentPostprocessing = 0;
		};
/* End PBXHeadersBuildPhase section */

/* Begin PBXNativeTarget section */
		10D90A4D1A390E6500A6EF2C /* AssetManager */ = {
			isa = PBXNativeTarget;
			buildConfigurationList = 10D90A591A390E6500A6EF2C /* Build configuration list for PBXNativeTarget "AssetManager" */;
			buildPhases = (
				10D90A4A1A390E6500A6EF2C /* Sources */,
				10D90A4B1A390E6500A6EF2C /* Frameworks */,
				10D90A4C1A390E6500A6EF2C /* Headers */,
			);
			buildRules = (
			);
			dependencies = (
			);
			name = AssetManager;
			productName = AssetManager;
			productReference = 10D90A4E1A390E6500A6EF2C /* libAssetManager.a */;
			productType = "com.apple.product-type.library.static";
		};
/* End PBXNativeTarget section */

/* Begin PBXProject section */
		10D90A461A390E6500A6EF2C /* Project object */ = {
			isa = PBXProject;
			attributes = {
				LastUpgradeCheck = 0610;
				ORGANIZATIONNAME = "Jordan Littlefair";
				TargetAttributes = {
					10D90A4D1A390E6500A6EF2C = {
						CreatedOnToolsVersion = 6.1.1;
					};
				};
			};
			buildConfigurationList = 10D90A491A390E6500A6EF2C /* Build configuration list for PBXProject "AssetManager" */;
			compatibilityVersion = "Xcode 3.2";
			developmentRegion = English;
			hasScannedForEncodings = 0;
			knownRegions = (
				en,
			);
			mainGroup = 10D90A451A390E6500A6EF2C;
			productRefGroup = 10D90A4F1A390E6500A6EF2C /* Products */;
			projectDirPath = "";
			projectRoot = "";
			targets = (
				10D90A4D1A390E6500A6EF2C /* AssetManager */,
			);
		};
/* End PBXProject section */

/* Begin PBXSourcesBuildPhase section */
		10D90A4A1A390E6500A6EF2C /* Sources */ = {
			isa = PBXSourcesBuildPhase;
			buildActionMask = 2147483647;
			files = (
				10D90A6C1A390E8A00A6EF2C /* Model.cpp in Sources */,
				10D90A6D1A390E8A00A6EF2C /* Texture2D.cpp in Sources */,
				10D90A6B1A390E8A00A6EF2C /* AssetManager.cpp in Sources */,
				10D90A6A1A390E8A00A6EF2C /* Asset.cpp in Sources */,
			);
			runOnlyForDeploymentPostprocessing = 0;
		};
/* End PBXSourcesBuildPhase section */

/* Begin XCBuildConfiguration section */
		10D90A571A390E6500A6EF2C /* Debug */ = {
			isa = XCBuildConfiguration;
			buildSettings = {
				ALWAYS_SEARCH_USER_PATHS = NO;
				CLANG_CXX_LANGUAGE_STANDARD = "gnu++0x";
				CLANG_CXX_LIBRARY = "libc++";
				CLANG_ENABLE_MODULES = YES;
				CLANG_ENABLE_OBJC_ARC = YES;
				CLANG_WARN_BOOL_CONVERSION = YES;
				CLANG_WARN_CONSTANT_CONVERSION = YES;
				CLANG_WARN_DIRECT_OBJC_ISA_USAGE = YES_ERROR;
				CLANG_WARN_EMPTY_BODY = YES;
				CLANG_WARN_ENUM_CONVERSION = YES;
				CLANG_WARN_INT_CONVERSION = YES;
				CLANG_WARN_OBJC_ROOT_CLASS = YES_ERROR;
				CLANG_WARN_UNREACHABLE_CODE = YES;
				CLANG_WARN__DUPLICATE_METHOD_MATCH = YES;
				COPY_PHASE_STRIP = NO;
				ENABLE_STRICT_OBJC_MSGSEND = YES;
				GCC_C_LANGUAGE_STANDARD = gnu99;
				GCC_DYNAMIC_NO_PIC = NO;
				GCC_OPTIMIZATION_LEVEL = 0;
				GCC_PREPROCESSOR_DEFINITIONS = (
					"DEBUG=1",
					"$(inherited)",
				);
				GCC_SYMBOLS_PRIVATE_EXTERN = NO;
				GCC_WARN_64_TO_32_BIT_CONVERSION = YES;
				GCC_WARN_ABOUT_RETURN_TYPE = YES_ERROR;
				GCC_WARN_UNDECLARED_SELECTOR = YES;
				GCC_WARN_UNINITIALIZED_AUTOS = YES_AGGRESSIVE;
				GCC_WARN_UNUSED_FUNCTION = YES;
				GCC_WARN_UNUSED_VARIABLE = YES;
				MACOSX_DEPLOYMENT_TARGET = 10.10;
				MTL_ENABLE_DEBUG_INFO = YES;
				ONLY_ACTIVE_ARCH = YES;
				SDKROOT = macosx;
			};
			name = Debug;
		};
		10D90A581A390E6500A6EF2C /* Release */ = {
			isa = XCBuildConfiguration;
			buildSettings = {
				ALWAYS_SEARCH_USER_PATHS = NO;
				CLANG_CXX_LANGUAGE_STANDARD = "gnu++0x";
				CLANG_CXX_LIBRARY = "libc++";
				CLANG_ENABLE_MODULES = YES;
				CLANG_ENABLE_OBJC_ARC = YES;
				CLANG_WARN_BOOL_CONVERSION = YES;
				CLANG_WARN_CONSTANT_CONVERSION = YES;
				CLANG_WARN_DIRECT_OBJC_ISA_USAGE = YES_ERROR;
				CLANG_WARN_EMPTY_BODY = YES;
				CLANG_WARN_ENUM_CONVERSION = YES;
				CLANG_WARN_INT_CONVERSION = YES;
				CLANG_WARN_OBJC_ROOT_CLASS = YES_ERROR;
				CLANG_WARN_UNREACHABLE_CODE = YES;
				CLANG_WARN__DUPLICATE_METHOD_MATCH = YES;
				COPY_PHASE_STRIP = YES;
				DEBUG_INFORMATION_FORMAT = "dwarf-with-dsym";
				ENABLE_NS_ASSERTIONS = NO;
				ENABLE_STRICT_OBJC_MSGSEND = YES;
				GCC_C_LANGUAGE_STANDARD = gnu99;
				GCC_WARN_64_TO_32_BIT_CONVERSION = YES;
				GCC_WARN_ABOUT_RETURN_TYPE = YES_ERROR;
				GCC_WARN_UNDECLARED_SELECTOR = YES;
				GCC_WARN_UNINITIALIZED_AUTOS = YES_AGGRESSIVE;
				GCC_WARN_UNUSED_FUNCTION = YES;
				GCC_WARN_UNUSED_VARIABLE = YES;
				MACOSX_DEPLOYMENT_TARGET = 10.10;
				MTL_ENABLE_DEBUG_INFO = NO;
				SDKROOT = macosx;
			};
			name = Release;
		};
		10D90A5A1A390E6500A6EF2C /* Debug */ = {
			isa = XCBuildConfiguration;
			buildSettings = {
				EXECUTABLE_PREFIX = lib;
				GCC_ENABLE_CPP_EXCEPTIONS = YES;
				GCC_ENABLE_CPP_RTTI = YES;
				GCC_SYMBOLS_PRIVATE_EXTERN = NO;
				PRODUCT_NAME = "$(TARGET_NAME)";
			};
			name = Debug;
		};
		10D90A5B1A390E6500A6EF2C /* Release */ = {
			isa = XCBuildConfiguration;
			buildSettings = {
				EXECUTABLE_PREFIX = lib;
				GCC_ENABLE_CPP_EXCEPTIONS = YES;
				GCC_ENABLE_CPP_RTTI = YES;
				GCC_SYMBOLS_PRIVATE_EXTERN = NO;
				PRODUCT_NAME = "$(TARGET_NAME)";
			};
			name = Release;
		};
/* End XCBuildConfiguration section */

/* Begin XCConfigurationList section */
		10D90A491A390E6500A6EF2C /* Build configuration list for PBXProject "AssetManager" */ = {
			isa = XCConfigurationList;
			buildConfigurations = (
				10D90A571A390E6500A6EF2C /* Debug */,
				10D90A581A390E6500A6EF2C /* Release */,
			);
			defaultConfigurationIsVisible = 0;
			defaultConfigurationName = Release;
		};
		10D90A591A390E6500A6EF2C /* Build configuration list for PBXNativeTarget "AssetManager" */ = {
			isa = XCConfigurationList;
			buildConfigurations = (
				10D90A5A1A390E6500A6EF2C /* Debug */,
				10D90A5B1A390E6500A6EF2C /* Release */,
			);
			defaultConfigurationIsVisible = 0;
		};
/* End XCConfigurationList section */
	};
	rootObject = 10D90A461A390E6500A6EF2C /* Project object */;
}
