
Microsoft Visual Studio Solution File, Format Version 12.00
# Visual Studio 2012
Project("{8BC9CEB8-8B4A-11D0-8D11-00A0C91BC942}") = "Game", "Game\Game.vcxproj", "{FCF12519-7203-49A1-B9EC-A4C2ED987D79}"
EndProject
Project("{8BC9CEB8-8B4A-11D0-8D11-00A0C91BC942}") = "EntitySystem", "EntitySystem\EntitySystem.vcxproj", "{FD522682-759F-46D6-AE98-9DCE1DFE4D4A}"
EndProject
Project("{8BC9CEB8-8B4A-11D0-8D11-00A0C91BC942}") = "Math", "Math\Math.vcxproj", "{32B29055-F219-4C3E-B9C8-25E57CB01206}"
EndProject
Project("{8BC9CEB8-8B4A-11D0-8D11-00A0C91BC942}") = "Utility", "Utility\Utility.vcxproj", "{5C047422-6D4A-460D-BDCE-18F02E310FFF}"
EndProject
Project("{8BC9CEB8-8B4A-11D0-8D11-00A0C91BC942}") = "GameComponentInterfaces", "GameComponentInterfaces\GameComponentInterfaces.vcxproj", "{5F28F6A4-7CC0-404B-8952-EF876DFD2B40}"
EndProject
Project("{8BC9CEB8-8B4A-11D0-8D11-00A0C91BC942}") = "Win32Window", "Win32Window\Win32Window.vcxproj", "{E83D4D60-3019-4431-9D11-4EADA7773079}"
EndProject
Project("{8BC9CEB8-8B4A-11D0-8D11-00A0C91BC942}") = "GameComponentFactory", "GameComponentFactory\GameComponentFactory.vcxproj", "{536865AF-438B-40E3-B47D-DF405191939C}"
EndProject
Project("{8BC9CEB8-8B4A-11D0-8D11-00A0C91BC942}") = "glew", "glew\glew.vcxproj", "{355483CF-8C2A-4C11-9CAE-2848B07480E6}"
EndProject
Project("{8BC9CEB8-8B4A-11D0-8D11-00A0C91BC942}") = "OpenGLGraphics", "OpenGLGraphics\OpenGLGraphics.vcxproj", "{438B0C2C-F90B-4563-94D8-3F0AD10976AD}"
EndProject
Project("{8BC9CEB8-8B4A-11D0-8D11-00A0C91BC942}") = "DirectX11Graphics", "DirectX11Graphics\DirectX11Graphics.vcxproj", "{1256482D-3B9B-4931-AC6B-5794FDF0AAC3}"
EndProject
Project("{8BC9CEB8-8B4A-11D0-8D11-00A0C91BC942}") = "LoadedWorld", "LoadedWorld\LoadedWorld.vcxproj", "{2947FBB5-19CF-44A6-B898-3B5F0C13C008}"
EndProject
Project("{8BC9CEB8-8B4A-11D0-8D11-00A0C91BC942}") = "WorldLoader", "WorldLoader\WorldLoader.vcxproj", "{DA540CD1-69B8-4875-99D4-C298F2F325E6}"
EndProject
Project("{8BC9CEB8-8B4A-11D0-8D11-00A0C91BC942}") = "Logger", "Logger\Logger.vcxproj", "{0A6DE382-8BA4-4473-8830-BF8C783BC6A0}"
EndProject
Project("{8BC9CEB8-8B4A-11D0-8D11-00A0C91BC942}") = "HTTPClient", "HTTPClient\HTTPClient.vcxproj", "{7A1534AC-65CD-4422-B095-D841BFE01B5B}"
EndProject
Project("{8BC9CEB8-8B4A-11D0-8D11-00A0C91BC942}") = "AssetManager", "AssetManager\AssetManager.vcxproj", "{AEC9DDC5-A1CC-41DE-A321-5C4E80B2730F}"
EndProject
Project("{8BC9CEB8-8B4A-11D0-8D11-00A0C91BC942}") = "ModelLoader", "ModelLoader\ModelLoader.vcxproj", "{F328E5BA-27A1-4CDE-8203-DFC65808BD6D}"
EndProject
Project("{8BC9CEB8-8B4A-11D0-8D11-00A0C91BC942}") = "BulletPhysics", "BulletPhysics\BulletPhysics.vcxproj", "{5FA7878B-A97B-4A49-A7FD-D179DA35EA7D}"
EndProject
Project("{8BC9CEB8-8B4A-11D0-8D11-00A0C91BC942}") = "LuaScripting", "LuaScripting\LuaScripting.vcxproj", "{85816F80-E85D-445F-B1B8-2F61EAFD41A2}"
EndProject
Project("{8BC9CEB8-8B4A-11D0-8D11-00A0C91BC942}") = "Scripting", "Scripting\Scripting.vcxproj", "{1A4269A3-13FA-4450-BF29-691AC23C2FE4}"
	ProjectSection(ProjectDependencies) = postProject
		{499C85EA-5B10-49AE-AB73-BC90679F3676} = {499C85EA-5B10-49AE-AB73-BC90679F3676}
	EndProjectSection
EndProject
Project("{8BC9CEB8-8B4A-11D0-8D11-00A0C91BC942}") = "MockScripting", "MockScripting\MockScripting.vcxproj", "{48184E12-0325-4CB4-B8B4-481D58C2DE8C}"
EndProject
Project("{8BC9CEB8-8B4A-11D0-8D11-00A0C91BC942}") = "Input", "Input\Input.vcxproj", "{5CDF0287-E9EC-4EE8-AFD0-7B228884FCD3}"
EndProject
Project("{8BC9CEB8-8B4A-11D0-8D11-00A0C91BC942}") = "GameSystems", "GameSystems\GameSystems.vcxproj", "{A97E1143-E082-4818-AB91-C2D69281AA84}"
EndProject
Project("{8BC9CEB8-8B4A-11D0-8D11-00A0C91BC942}") = "CommonResources", "CommonResources\CommonResources.vcxproj", "{499C85EA-5B10-49AE-AB73-BC90679F3676}"
EndProject
Project("{8BC9CEB8-8B4A-11D0-8D11-00A0C91BC942}") = "OculusRift", "OculusRift\OculusRift.vcxproj", "{7C113C50-CAF2-4B65-B016-C887C1079CE8}"
EndProject
Project("{8BC9CEB8-8B4A-11D0-8D11-00A0C91BC942}") = "Launcher", "Launcher\Launcher.vcxproj", "{F6AB4731-543E-41A5-960A-BBDC2984230A}"
EndProject
Project("{8BC9CEB8-8B4A-11D0-8D11-00A0C91BC942}") = "Settings", "Settings\Settings.vcxproj", "{2F8453A6-D18D-479D-A17C-45F5D51B9A71}"
EndProject
Global
	GlobalSection(SolutionConfigurationPlatforms) = preSolution
		Debug|Win32 = Debug|Win32
		Debug|x64 = Debug|x64
		Release|Win32 = Release|Win32
		Release|x64 = Release|x64
	EndGlobalSection
	GlobalSection(ProjectConfigurationPlatforms) = postSolution
		{FCF12519-7203-49A1-B9EC-A4C2ED987D79}.Debug|Win32.ActiveCfg = Debug|Win32
		{FCF12519-7203-49A1-B9EC-A4C2ED987D79}.Debug|Win32.Build.0 = Debug|Win32
		{FCF12519-7203-49A1-B9EC-A4C2ED987D79}.Debug|x64.ActiveCfg = Debug|Win32
		{FCF12519-7203-49A1-B9EC-A4C2ED987D79}.Release|Win32.ActiveCfg = Release|Win32
		{FCF12519-7203-49A1-B9EC-A4C2ED987D79}.Release|Win32.Build.0 = Release|Win32
		{FCF12519-7203-49A1-B9EC-A4C2ED987D79}.Release|x64.ActiveCfg = Release|Win32
		{FD522682-759F-46D6-AE98-9DCE1DFE4D4A}.Debug|Win32.ActiveCfg = Debug|Win32
		{FD522682-759F-46D6-AE98-9DCE1DFE4D4A}.Debug|Win32.Build.0 = Debug|Win32
		{FD522682-759F-46D6-AE98-9DCE1DFE4D4A}.Debug|x64.ActiveCfg = Debug|Win32
		{FD522682-759F-46D6-AE98-9DCE1DFE4D4A}.Release|Win32.ActiveCfg = Release|Win32
		{FD522682-759F-46D6-AE98-9DCE1DFE4D4A}.Release|Win32.Build.0 = Release|Win32
		{FD522682-759F-46D6-AE98-9DCE1DFE4D4A}.Release|x64.ActiveCfg = Release|Win32
		{32B29055-F219-4C3E-B9C8-25E57CB01206}.Debug|Win32.ActiveCfg = Debug|Win32
		{32B29055-F219-4C3E-B9C8-25E57CB01206}.Debug|Win32.Build.0 = Debug|Win32
		{32B29055-F219-4C3E-B9C8-25E57CB01206}.Debug|x64.ActiveCfg = Debug|Win32
		{32B29055-F219-4C3E-B9C8-25E57CB01206}.Release|Win32.ActiveCfg = Release|Win32
		{32B29055-F219-4C3E-B9C8-25E57CB01206}.Release|Win32.Build.0 = Release|Win32
		{32B29055-F219-4C3E-B9C8-25E57CB01206}.Release|x64.ActiveCfg = Release|Win32
		{5C047422-6D4A-460D-BDCE-18F02E310FFF}.Debug|Win32.ActiveCfg = Debug|Win32
		{5C047422-6D4A-460D-BDCE-18F02E310FFF}.Debug|Win32.Build.0 = Debug|Win32
		{5C047422-6D4A-460D-BDCE-18F02E310FFF}.Debug|x64.ActiveCfg = Debug|x64
		{5C047422-6D4A-460D-BDCE-18F02E310FFF}.Debug|x64.Build.0 = Debug|x64
		{5C047422-6D4A-460D-BDCE-18F02E310FFF}.Release|Win32.ActiveCfg = Release|Win32
		{5C047422-6D4A-460D-BDCE-18F02E310FFF}.Release|Win32.Build.0 = Release|Win32
		{5C047422-6D4A-460D-BDCE-18F02E310FFF}.Release|x64.ActiveCfg = Release|x64
		{5C047422-6D4A-460D-BDCE-18F02E310FFF}.Release|x64.Build.0 = Release|x64
		{5F28F6A4-7CC0-404B-8952-EF876DFD2B40}.Debug|Win32.ActiveCfg = Debug|Win32
		{5F28F6A4-7CC0-404B-8952-EF876DFD2B40}.Debug|Win32.Build.0 = Debug|Win32
		{5F28F6A4-7CC0-404B-8952-EF876DFD2B40}.Debug|x64.ActiveCfg = Debug|Win32
		{5F28F6A4-7CC0-404B-8952-EF876DFD2B40}.Release|Win32.ActiveCfg = Release|Win32
		{5F28F6A4-7CC0-404B-8952-EF876DFD2B40}.Release|Win32.Build.0 = Release|Win32
		{5F28F6A4-7CC0-404B-8952-EF876DFD2B40}.Release|x64.ActiveCfg = Release|Win32
		{E83D4D60-3019-4431-9D11-4EADA7773079}.Debug|Win32.ActiveCfg = Debug|Win32
		{E83D4D60-3019-4431-9D11-4EADA7773079}.Debug|Win32.Build.0 = Debug|Win32
		{E83D4D60-3019-4431-9D11-4EADA7773079}.Debug|x64.ActiveCfg = Debug|Win32
		{E83D4D60-3019-4431-9D11-4EADA7773079}.Release|Win32.ActiveCfg = Release|Win32
		{E83D4D60-3019-4431-9D11-4EADA7773079}.Release|Win32.Build.0 = Release|Win32
		{E83D4D60-3019-4431-9D11-4EADA7773079}.Release|x64.ActiveCfg = Release|Win32
		{536865AF-438B-40E3-B47D-DF405191939C}.Debug|Win32.ActiveCfg = Debug|Win32
		{536865AF-438B-40E3-B47D-DF405191939C}.Debug|Win32.Build.0 = Debug|Win32
		{536865AF-438B-40E3-B47D-DF405191939C}.Debug|x64.ActiveCfg = Debug|Win32
		{536865AF-438B-40E3-B47D-DF405191939C}.Release|Win32.ActiveCfg = Release|Win32
		{536865AF-438B-40E3-B47D-DF405191939C}.Release|Win32.Build.0 = Release|Win32
		{536865AF-438B-40E3-B47D-DF405191939C}.Release|x64.ActiveCfg = Release|Win32
		{355483CF-8C2A-4C11-9CAE-2848B07480E6}.Debug|Win32.ActiveCfg = Debug|Win32
		{355483CF-8C2A-4C11-9CAE-2848B07480E6}.Debug|Win32.Build.0 = Debug|Win32
		{355483CF-8C2A-4C11-9CAE-2848B07480E6}.Debug|x64.ActiveCfg = Debug|Win32
		{355483CF-8C2A-4C11-9CAE-2848B07480E6}.Release|Win32.ActiveCfg = Release|Win32
		{355483CF-8C2A-4C11-9CAE-2848B07480E6}.Release|Win32.Build.0 = Release|Win32
		{355483CF-8C2A-4C11-9CAE-2848B07480E6}.Release|x64.ActiveCfg = Release|Win32
		{438B0C2C-F90B-4563-94D8-3F0AD10976AD}.Debug|Win32.ActiveCfg = Debug|Win32
		{438B0C2C-F90B-4563-94D8-3F0AD10976AD}.Debug|Win32.Build.0 = Debug|Win32
		{438B0C2C-F90B-4563-94D8-3F0AD10976AD}.Debug|x64.ActiveCfg = Debug|Win32
		{438B0C2C-F90B-4563-94D8-3F0AD10976AD}.Release|Win32.ActiveCfg = Release|Win32
		{438B0C2C-F90B-4563-94D8-3F0AD10976AD}.Release|Win32.Build.0 = Release|Win32
		{438B0C2C-F90B-4563-94D8-3F0AD10976AD}.Release|x64.ActiveCfg = Release|Win32
		{1256482D-3B9B-4931-AC6B-5794FDF0AAC3}.Debug|Win32.ActiveCfg = Debug|Win32
		{1256482D-3B9B-4931-AC6B-5794FDF0AAC3}.Debug|Win32.Build.0 = Debug|Win32
		{1256482D-3B9B-4931-AC6B-5794FDF0AAC3}.Debug|x64.ActiveCfg = Debug|Win32
		{1256482D-3B9B-4931-AC6B-5794FDF0AAC3}.Release|Win32.ActiveCfg = Release|Win32
		{1256482D-3B9B-4931-AC6B-5794FDF0AAC3}.Release|Win32.Build.0 = Release|Win32
		{1256482D-3B9B-4931-AC6B-5794FDF0AAC3}.Release|x64.ActiveCfg = Release|Win32
		{2947FBB5-19CF-44A6-B898-3B5F0C13C008}.Debug|Win32.ActiveCfg = Debug|Win32
		{2947FBB5-19CF-44A6-B898-3B5F0C13C008}.Debug|Win32.Build.0 = Debug|Win32
		{2947FBB5-19CF-44A6-B898-3B5F0C13C008}.Debug|x64.ActiveCfg = Debug|Win32
		{2947FBB5-19CF-44A6-B898-3B5F0C13C008}.Release|Win32.ActiveCfg = Release|Win32
		{2947FBB5-19CF-44A6-B898-3B5F0C13C008}.Release|Win32.Build.0 = Release|Win32
		{2947FBB5-19CF-44A6-B898-3B5F0C13C008}.Release|x64.ActiveCfg = Release|Win32
		{DA540CD1-69B8-4875-99D4-C298F2F325E6}.Debug|Win32.ActiveCfg = Debug|Win32
		{DA540CD1-69B8-4875-99D4-C298F2F325E6}.Debug|Win32.Build.0 = Debug|Win32
		{DA540CD1-69B8-4875-99D4-C298F2F325E6}.Debug|x64.ActiveCfg = Debug|x64
		{DA540CD1-69B8-4875-99D4-C298F2F325E6}.Debug|x64.Build.0 = Debug|x64
		{DA540CD1-69B8-4875-99D4-C298F2F325E6}.Release|Win32.ActiveCfg = Release|Win32
		{DA540CD1-69B8-4875-99D4-C298F2F325E6}.Release|Win32.Build.0 = Release|Win32
		{DA540CD1-69B8-4875-99D4-C298F2F325E6}.Release|x64.ActiveCfg = Release|x64
		{DA540CD1-69B8-4875-99D4-C298F2F325E6}.Release|x64.Build.0 = Release|x64
		{0A6DE382-8BA4-4473-8830-BF8C783BC6A0}.Debug|Win32.ActiveCfg = Debug|Win32
		{0A6DE382-8BA4-4473-8830-BF8C783BC6A0}.Debug|Win32.Build.0 = Debug|Win32
		{0A6DE382-8BA4-4473-8830-BF8C783BC6A0}.Debug|x64.ActiveCfg = Debug|Win32
		{0A6DE382-8BA4-4473-8830-BF8C783BC6A0}.Release|Win32.ActiveCfg = Release|Win32
		{0A6DE382-8BA4-4473-8830-BF8C783BC6A0}.Release|Win32.Build.0 = Release|Win32
		{0A6DE382-8BA4-4473-8830-BF8C783BC6A0}.Release|x64.ActiveCfg = Release|Win32
		{7A1534AC-65CD-4422-B095-D841BFE01B5B}.Debug|Win32.ActiveCfg = Debug|Win32
		{7A1534AC-65CD-4422-B095-D841BFE01B5B}.Debug|Win32.Build.0 = Debug|Win32
		{7A1534AC-65CD-4422-B095-D841BFE01B5B}.Debug|x64.ActiveCfg = Debug|Win32
		{7A1534AC-65CD-4422-B095-D841BFE01B5B}.Release|Win32.ActiveCfg = Release|Win32
		{7A1534AC-65CD-4422-B095-D841BFE01B5B}.Release|Win32.Build.0 = Release|Win32
		{7A1534AC-65CD-4422-B095-D841BFE01B5B}.Release|x64.ActiveCfg = Release|Win32
		{AEC9DDC5-A1CC-41DE-A321-5C4E80B2730F}.Debug|Win32.ActiveCfg = Debug|Win32
		{AEC9DDC5-A1CC-41DE-A321-5C4E80B2730F}.Debug|Win32.Build.0 = Debug|Win32
		{AEC9DDC5-A1CC-41DE-A321-5C4E80B2730F}.Debug|x64.ActiveCfg = Debug|Win32
		{AEC9DDC5-A1CC-41DE-A321-5C4E80B2730F}.Release|Win32.ActiveCfg = Release|Win32
		{AEC9DDC5-A1CC-41DE-A321-5C4E80B2730F}.Release|Win32.Build.0 = Release|Win32
		{AEC9DDC5-A1CC-41DE-A321-5C4E80B2730F}.Release|x64.ActiveCfg = Release|Win32
		{F328E5BA-27A1-4CDE-8203-DFC65808BD6D}.Debug|Win32.ActiveCfg = Debug|Win32
		{F328E5BA-27A1-4CDE-8203-DFC65808BD6D}.Debug|Win32.Build.0 = Debug|Win32
		{F328E5BA-27A1-4CDE-8203-DFC65808BD6D}.Debug|x64.ActiveCfg = Debug|Win32
		{F328E5BA-27A1-4CDE-8203-DFC65808BD6D}.Release|Win32.ActiveCfg = Release|Win32
		{F328E5BA-27A1-4CDE-8203-DFC65808BD6D}.Release|Win32.Build.0 = Release|Win32
		{F328E5BA-27A1-4CDE-8203-DFC65808BD6D}.Release|x64.ActiveCfg = Release|Win32
		{5FA7878B-A97B-4A49-A7FD-D179DA35EA7D}.Debug|Win32.ActiveCfg = Debug|Win32
		{5FA7878B-A97B-4A49-A7FD-D179DA35EA7D}.Debug|Win32.Build.0 = Debug|Win32
		{5FA7878B-A97B-4A49-A7FD-D179DA35EA7D}.Debug|x64.ActiveCfg = Debug|Win32
		{5FA7878B-A97B-4A49-A7FD-D179DA35EA7D}.Release|Win32.ActiveCfg = Release|Win32
		{5FA7878B-A97B-4A49-A7FD-D179DA35EA7D}.Release|Win32.Build.0 = Release|Win32
		{5FA7878B-A97B-4A49-A7FD-D179DA35EA7D}.Release|x64.ActiveCfg = Release|Win32
		{85816F80-E85D-445F-B1B8-2F61EAFD41A2}.Debug|Win32.ActiveCfg = Debug|Win32
		{85816F80-E85D-445F-B1B8-2F61EAFD41A2}.Debug|Win32.Build.0 = Debug|Win32
		{85816F80-E85D-445F-B1B8-2F61EAFD41A2}.Debug|x64.ActiveCfg = Debug|Win32
		{85816F80-E85D-445F-B1B8-2F61EAFD41A2}.Release|Win32.ActiveCfg = Release|Win32
		{85816F80-E85D-445F-B1B8-2F61EAFD41A2}.Release|Win32.Build.0 = Release|Win32
		{85816F80-E85D-445F-B1B8-2F61EAFD41A2}.Release|x64.ActiveCfg = Release|Win32
		{1A4269A3-13FA-4450-BF29-691AC23C2FE4}.Debug|Win32.ActiveCfg = Debug|Win32
		{1A4269A3-13FA-4450-BF29-691AC23C2FE4}.Debug|Win32.Build.0 = Debug|Win32
		{1A4269A3-13FA-4450-BF29-691AC23C2FE4}.Debug|x64.ActiveCfg = Debug|Win32
		{1A4269A3-13FA-4450-BF29-691AC23C2FE4}.Release|Win32.ActiveCfg = Release|Win32
		{1A4269A3-13FA-4450-BF29-691AC23C2FE4}.Release|Win32.Build.0 = Release|Win32
		{1A4269A3-13FA-4450-BF29-691AC23C2FE4}.Release|x64.ActiveCfg = Release|Win32
		{48184E12-0325-4CB4-B8B4-481D58C2DE8C}.Debug|Win32.ActiveCfg = Debug|Win32
		{48184E12-0325-4CB4-B8B4-481D58C2DE8C}.Debug|Win32.Build.0 = Debug|Win32
		{48184E12-0325-4CB4-B8B4-481D58C2DE8C}.Debug|x64.ActiveCfg = Debug|Win32
		{48184E12-0325-4CB4-B8B4-481D58C2DE8C}.Release|Win32.ActiveCfg = Release|Win32
		{48184E12-0325-4CB4-B8B4-481D58C2DE8C}.Release|Win32.Build.0 = Release|Win32
		{48184E12-0325-4CB4-B8B4-481D58C2DE8C}.Release|x64.ActiveCfg = Release|Win32
		{5CDF0287-E9EC-4EE8-AFD0-7B228884FCD3}.Debug|Win32.ActiveCfg = Debug|Win32
		{5CDF0287-E9EC-4EE8-AFD0-7B228884FCD3}.Debug|Win32.Build.0 = Debug|Win32
		{5CDF0287-E9EC-4EE8-AFD0-7B228884FCD3}.Debug|x64.ActiveCfg = Debug|Win32
		{5CDF0287-E9EC-4EE8-AFD0-7B228884FCD3}.Release|Win32.ActiveCfg = Release|Win32
		{5CDF0287-E9EC-4EE8-AFD0-7B228884FCD3}.Release|Win32.Build.0 = Release|Win32
		{5CDF0287-E9EC-4EE8-AFD0-7B228884FCD3}.Release|x64.ActiveCfg = Release|Win32
		{A97E1143-E082-4818-AB91-C2D69281AA84}.Debug|Win32.ActiveCfg = Debug|Win32
		{A97E1143-E082-4818-AB91-C2D69281AA84}.Debug|Win32.Build.0 = Debug|Win32
		{A97E1143-E082-4818-AB91-C2D69281AA84}.Debug|x64.ActiveCfg = Debug|Win32
		{A97E1143-E082-4818-AB91-C2D69281AA84}.Release|Win32.ActiveCfg = Release|Win32
		{A97E1143-E082-4818-AB91-C2D69281AA84}.Release|Win32.Build.0 = Release|Win32
		{A97E1143-E082-4818-AB91-C2D69281AA84}.Release|x64.ActiveCfg = Release|Win32
		{499C85EA-5B10-49AE-AB73-BC90679F3676}.Debug|Win32.ActiveCfg = Debug|Win32
		{499C85EA-5B10-49AE-AB73-BC90679F3676}.Debug|Win32.Build.0 = Debug|Win32
		{499C85EA-5B10-49AE-AB73-BC90679F3676}.Debug|x64.ActiveCfg = Debug|Win32
		{499C85EA-5B10-49AE-AB73-BC90679F3676}.Release|Win32.ActiveCfg = Release|Win32
		{499C85EA-5B10-49AE-AB73-BC90679F3676}.Release|Win32.Build.0 = Release|Win32
		{499C85EA-5B10-49AE-AB73-BC90679F3676}.Release|x64.ActiveCfg = Release|Win32
		{7C113C50-CAF2-4B65-B016-C887C1079CE8}.Debug|Win32.ActiveCfg = Debug|Win32
		{7C113C50-CAF2-4B65-B016-C887C1079CE8}.Debug|Win32.Build.0 = Debug|Win32
		{7C113C50-CAF2-4B65-B016-C887C1079CE8}.Debug|x64.ActiveCfg = Debug|Win32
		{7C113C50-CAF2-4B65-B016-C887C1079CE8}.Release|Win32.ActiveCfg = Release|Win32
		{7C113C50-CAF2-4B65-B016-C887C1079CE8}.Release|Win32.Build.0 = Release|Win32
		{7C113C50-CAF2-4B65-B016-C887C1079CE8}.Release|x64.ActiveCfg = Release|Win32
		{F6AB4731-543E-41A5-960A-BBDC2984230A}.Debug|Win32.ActiveCfg = Debug|Win32
		{F6AB4731-543E-41A5-960A-BBDC2984230A}.Debug|Win32.Build.0 = Debug|Win32
		{F6AB4731-543E-41A5-960A-BBDC2984230A}.Debug|x64.ActiveCfg = Debug|Win32
		{F6AB4731-543E-41A5-960A-BBDC2984230A}.Release|Win32.ActiveCfg = Release|Win32
		{F6AB4731-543E-41A5-960A-BBDC2984230A}.Release|Win32.Build.0 = Release|Win32
		{F6AB4731-543E-41A5-960A-BBDC2984230A}.Release|x64.ActiveCfg = Release|Win32
		{2F8453A6-D18D-479D-A17C-45F5D51B9A71}.Debug|Win32.ActiveCfg = Debug|Win32
		{2F8453A6-D18D-479D-A17C-45F5D51B9A71}.Debug|Win32.Build.0 = Debug|Win32
		{2F8453A6-D18D-479D-A17C-45F5D51B9A71}.Debug|x64.ActiveCfg = Debug|Win32
		{2F8453A6-D18D-479D-A17C-45F5D51B9A71}.Release|Win32.ActiveCfg = Release|Win32
		{2F8453A6-D18D-479D-A17C-45F5D51B9A71}.Release|Win32.Build.0 = Release|Win32
		{2F8453A6-D18D-479D-A17C-45F5D51B9A71}.Release|x64.ActiveCfg = Release|Win32
	EndGlobalSection
	GlobalSection(SolutionProperties) = preSolution
		HideSolutionNode = FALSE
	EndGlobalSection
EndGlobal
