<?xml version="1.0" encoding="UTF-8" standalone="yes" ?>
<CodeBlocks_project_file>
	<FileVersion major="1" minor="6" />
	<Project>
		<Option title="XWindowsWindow" />
		<Option pch_mode="2" />
		<Option compiler="gcc" />
		<Build>
			<Target title="Debug">
				<Option output="Debug/GCC/XWindowsWindow" prefix_auto="1" extension_auto="1" />
				<Option working_dir="" />
				<Option object_output="Debug/GCC/" />
				<Option type="5" />
				<Option compiler="gcc" />
				<Compiler>
					<Add option="-std=c++0x" />
					<Add option="-Wall" />
					<Add option="-g" />
				</Compiler>
				<Linker>
					<Add library="X11" />
					<Add library="GL" />
					<Add library="GLU" />
				</Linker>
			</Target>
			<Target title="Release">
				<Option output="Release/GCC/XWindowsWindow" prefix_auto="1" extension_auto="1" />
				<Option working_dir="" />
				<Option object_output="Release/GCC/" />
				<Option type="5" />
				<Option compiler="gcc" />
				<Compiler>
					<Add option="-O2" />
					<Add option="-std=c++0x" />
					<Add option="-Wall" />
				</Compiler>
				<Linker>
					<Add option="-s" />
					<Add library="X11" />
					<Add library="GL" />
					<Add library="GLU" />
				</Linker>
			</Target>
		</Build>
		<Unit filename="Include/XWindowsWindow.hpp" />
		<Unit filename="Source/XWindowsWindow.cpp" />
		<Extensions>
			<code_completion />
			<envvars />
			<lib_finder disable_auto="1" />
			<debugger />
		</Extensions>
	</Project>
</CodeBlocks_project_file>
