<?xml version="1.0" encoding="UTF-8" standalone="yes" ?>
<CodeBlocks_project_file>
	<FileVersion major="1" minor="6" />
	<Project>
		<Option title="GameComponentInterfaces" />
		<Option pch_mode="2" />
		<Option compiler="gcc" />
		<Build>
			<Target title="Debug">
				<Option output="../Bin/GCC/Debug/GameComponentInterfaces" prefix_auto="1" extension_auto="1" />
				<Option working_dir="" />
				<Option object_output="../Build/GameComponentInterfaces/GCC/Debug/" />
				<Option type="2" />
				<Option compiler="gcc" />
				<Option createDefFile="1" />
				<Compiler>
					<Add option="-std=c++0x" />
					<Add option="-Wall" />
					<Add option="-g" />
				</Compiler>
			</Target>
			<Target title="Release">
				<Option output="../Bin/GCC/Release/GameComponentInterfaces" prefix_auto="1" extension_auto="1" />
				<Option working_dir="" />
				<Option object_output="../Build/GameComponentInterfaces/GCC/Release/" />
				<Option type="2" />
				<Option compiler="gcc" />
				<Option createDefFile="1" />
				<Compiler>
					<Add option="-O2" />
					<Add option="-std=c++0x" />
					<Add option="-Wall" />
				</Compiler>
				<Linker>
					<Add option="-s" />
				</Linker>
			</Target>
		</Build>
		<Unit filename="Include/IContentManagerMessageListener.hpp" />
		<Unit filename="Include/IGraphics.hpp" />
		<Unit filename="Include/IGraphicsMessageListener.hpp" />
		<Unit filename="Include/IInput.hpp" />
		<Unit filename="Include/IRumble.hpp" />
		<Unit filename="Include/IWindow.hpp" />
		<Unit filename="Include/IWindowMessageListener.hpp" />
		<Unit filename="Include/IWorld.hpp" />
		<Unit filename="Include/IWorldMessageListener.hpp" />
		<Unit filename="Source/GameComponentInterfaces.cpp" />
		<Extensions>
			<code_completion />
			<envvars />
			<debugger />
			<lib_finder disable_auto="1" />
		</Extensions>
	</Project>
</CodeBlocks_project_file>
