<?xml version="1.0" encoding="utf-8"?>
<Project ToolsVersion="4.0" xmlns="http://schemas.microsoft.com/developer/msbuild/2003">
  <ItemGroup>
    <Filter Include="Source Files">
      <UniqueIdentifier>{4FC737F1-C7A5-4376-A066-2A32D752A2FF}</UniqueIdentifier>
      <Extensions>cpp;c;cc;cxx;def;odl;idl;hpj;bat;asm;asmx</Extensions>
    </Filter>
    <Filter Include="Header Files">
      <UniqueIdentifier>{93995380-89BD-4b04-88EB-625FBE52EBFB}</UniqueIdentifier>
      <Extensions>h;hpp;hxx;hm;inl;inc;xsd</Extensions>
    </Filter>
  </ItemGroup>
  <ItemGroup>
    <ClInclude Include="Include\IWindow.hpp">
      <Filter>Header Files</Filter>
    </ClInclude>
    <ClInclude Include="Include\IGraphics.hpp">
      <Filter>Header Files</Filter>
    </ClInclude>
    <ClInclude Include="Include\IWorld.hpp">
      <Filter>Header Files</Filter>
    </ClInclude>
    <ClInclude Include="Include\IInput.hpp">
      <Filter>Header Files</Filter>
    </ClInclude>
    <ClInclude Include="Include\IRumble.hpp">
      <Filter>Header Files</Filter>
    </ClInclude>
    <ClInclude Include="Include\IWindowMessageListener.hpp">
      <Filter>Header Files</Filter>
    </ClInclude>
    <ClInclude Include="Include\IGraphicsMessageListener.hpp">
      <Filter>Header Files</Filter>
    </ClInclude>
    <ClInclude Include="Include\IWorldMessageListener.hpp">
      <Filter>Header Files</Filter>
    </ClInclude>
    <ClInclude Include="Include\IAssetManagerMessageListener.hpp">
      <Filter>Header Files</Filter>
    </ClInclude>
    <ClInclude Include="Include\IPhysics.hpp">
      <Filter>Header Files</Filter>
    </ClInclude>
    <ClInclude Include="Include\IPhysicsMessageListener.hpp">
      <Filter>Header Files</Filter>
    </ClInclude>
  </ItemGroup>
  <ItemGroup>
    <ClCompile Include="Source\GameComponentInterfaces.cpp">
      <Filter>Source Files</Filter>
    </ClCompile>
  </ItemGroup>
</Project>