// !$*UTF8*$!
{
	archiveVersion = 1;
	classes = {
	};
	objectVersion = 46;
	objects = {

/* Begin PBXBuildFile section */
		10CED2ED1A3A2AB800735617 /* AssetLinkerSystem.hpp in Headers */ = {isa = PBXBuildFile; fileRef = 10CED2E81A3A2AB800735617 /* AssetLinkerSystem.hpp */; };
		10CED2EE1A3A2AB800735617 /* SceneGraphSystem.hpp in Headers */ = {isa = PBXBuildFile; fileRef = 10CED2E91A3A2AB800735617 /* SceneGraphSystem.hpp */; };
		10CED2EF1A3A2AB800735617 /* AssetLinkerSystem.cpp in Sources */ = {isa = PBXBuildFile; fileRef = 10CED2EB1A3A2AB800735617 /* AssetLinkerSystem.cpp */; };
		10CED2F01A3A2AB800735617 /* SceneGraphSystem.cpp in Sources */ = {isa = PBXBuildFile; fileRef = 10CED2EC1A3A2AB800735617 /* SceneGraphSystem.cpp */; };
/* End PBXBuildFile section */

/* Begin PBXFileReference section */
		10CED2D91A3A2A9300735617 /* libGameSystems.a */ = {isa = PBXFileReference; explicitFileType = archive.ar; includeInIndex = 0; path = libGameSystems.a; sourceTree = BUILT_PRODUCTS_DIR; };
		10CED2E81A3A2AB800735617 /* AssetLinkerSystem.hpp */ = {isa = PBXFileReference; fileEncoding = 4; lastKnownFileType = sourcecode.cpp.h; path = AssetLinkerSystem.hpp; sourceTree = "<group>"; };
		10CED2E91A3A2AB800735617 /* SceneGraphSystem.hpp */ = {isa = PBXFileReference; fileEncoding = 4; lastKnownFileType = sourcecode.cpp.h; path = SceneGraphSystem.hpp; sourceTree = "<group>"; };
		10CED2EB1A3A2AB800735617 /* AssetLinkerSystem.cpp */ = {isa = PBXFileReference; fileEncoding = 4; lastKnownFileType = sourcecode.cpp.cpp; path = AssetLinkerSystem.cpp; sourceTree = "<group>"; };
		10CED2EC1A3A2AB800735617 /* SceneGraphSystem.cpp */ = {isa = PBXFileReference; fileEncoding = 4; lastKnownFileType = sourcecode.cpp.cpp; path = SceneGraphSystem.cpp; sourceTree = "<group>"; };
/* End PBXFileReference section */

/* Begin PBXFrameworksBuildPhase section */
		10CED2D61A3A2A9300735617 /* Frameworks */ = {
			isa = PBXFrameworksBuildPhase;
			buildActionMask = 2147483647;
			files = (
			);
			runOnlyForDeploymentPostprocessing = 0;
		};
/* End PBXFrameworksBuildPhase section */

/* Begin PBXGroup section */
		10CED2D01A3A2A9300735617 = {
			isa = PBXGroup;
			children = (
				10CED2E71A3A2AB800735617 /* Include */,
				10CED2EA1A3A2AB800735617 /* Source */,
				10CED2DA1A3A2A9300735617 /* Products */,
			);
			sourceTree = "<group>";
		};
		10CED2DA1A3A2A9300735617 /* Products */ = {
			isa = PBXGroup;
			children = (
				10CED2D91A3A2A9300735617 /* libGameSystems.a */,
			);
			name = Products;
			sourceTree = "<group>";
		};
		10CED2E71A3A2AB800735617 /* Include */ = {
			isa = PBXGroup;
			children = (
				10CED2E81A3A2AB800735617 /* AssetLinkerSystem.hpp */,
				10CED2E91A3A2AB800735617 /* SceneGraphSystem.hpp */,
			);
			path = Include;
			sourceTree = "<group>";
		};
		10CED2EA1A3A2AB800735617 /* Source */ = {
			isa = PBXGroup;
			children = (
				10CED2EB1A3A2AB800735617 /* AssetLinkerSystem.cpp */,
				10CED2EC1A3A2AB800735617 /* SceneGraphSystem.cpp */,
			);
			path = Source;
			sourceTree = "<group>";
		};
/* End PBXGroup section */

/* Begin PBXHeadersBuildPhase section */
		10CED2D71A3A2A9300735617 /* Headers */ = {
			isa = PBXHeadersBuildPhase;
			buildActionMask = 2147483647;
			files = (
				10CED2ED1A3A2AB800735617 /* AssetLinkerSystem.hpp in Headers */,
				10CED2EE1A3A2AB800735617 /* SceneGraphSystem.hpp in Headers */,
			);
			runOnlyForDeploymentPostprocessing = 0;
		};
/* End PBXHeadersBuildPhase section */

/* Begin PBXNativeTarget section */
		10CED2D81A3A2A9300735617 /* GameSystems */ = {
			isa = PBXNativeTarget;
			buildConfigurationList = 10CED2E41A3A2A9300735617 /* Build configuration list for PBXNativeTarget "GameSystems" */;
			buildPhases = (
				10CED2D51A3A2A9300735617 /* Sources */,
				10CED2D61A3A2A9300735617 /* Frameworks */,
				10CED2D71A3A2A9300735617 /* Headers */,
			);
			buildRules = (
			);
			dependencies = (
			);
			name = GameSystems;
			productName = GameSystems;
			productReference = 10CED2D91A3A2A9300735617 /* libGameSystems.a */;
			productType = "com.apple.product-type.library.static";
		};
/* End PBXNativeTarget section */

/* Begin PBXProject section */
		10CED2D11A3A2A9300735617 /* Project object */ = {
			isa = PBXProject;
			attributes = {
				LastUpgradeCheck = 0610;
				ORGANIZATIONNAME = "Jordan Littlefair";
				TargetAttributes = {
					10CED2D81A3A2A9300735617 = {
						CreatedOnToolsVersion = 6.1.1;
					};
				};
			};
			buildConfigurationList = 10CED2D41A3A2A9300735617 /* Build configuration list for PBXProject "GameSystems" */;
			compatibilityVersion = "Xcode 3.2";
			developmentRegion = English;
			hasScannedForEncodings = 0;
			knownRegions = (
				en,
			);
			mainGroup = 10CED2D01A3A2A9300735617;
			productRefGroup = 10CED2DA1A3A2A9300735617 /* Products */;
			projectDirPath = "";
			projectRoot = "";
			targets = (
				10CED2D81A3A2A9300735617 /* GameSystems */,
			);
		};
/* End PBXProject section */

/* Begin PBXSourcesBuildPhase section */
		10CED2D51A3A2A9300735617 /* Sources */ = {
			isa = PBXSourcesBuildPhase;
			buildActionMask = 2147483647;
			files = (
				10CED2F01A3A2AB800735617 /* SceneGraphSystem.cpp in Sources */,
				10CED2EF1A3A2AB800735617 /* AssetLinkerSystem.cpp in Sources */,
			);
			runOnlyForDeploymentPostprocessing = 0;
		};
/* End PBXSourcesBuildPhase section */

/* Begin XCBuildConfiguration section */
		10CED2E21A3A2A9300735617 /* Debug */ = {
			isa = XCBuildConfiguration;
			buildSettings = {
				ALWAYS_SEARCH_USER_PATHS = NO;
				CLANG_CXX_LANGUAGE_STANDARD = "gnu++0x";
				CLANG_CXX_LIBRARY = "libc++";
				CLANG_ENABLE_MODULES = YES;
				CLANG_ENABLE_OBJC_ARC = YES;
				CLANG_WARN_BOOL_CONVERSION = YES;
				CLANG_WARN_CONSTANT_CONVERSION = YES;
				CLANG_WARN_DIRECT_OBJC_ISA_USAGE = YES_ERROR;
				CLANG_WARN_EMPTY_BODY = YES;
				CLANG_WARN_ENUM_CONVERSION = YES;
				CLANG_WARN_INT_CONVERSION = YES;
				CLANG_WARN_OBJC_ROOT_CLASS = YES_ERROR;
				CLANG_WARN_UNREACHABLE_CODE = YES;
				CLANG_WARN__DUPLICATE_METHOD_MATCH = YES;
				COPY_PHASE_STRIP = NO;
				ENABLE_STRICT_OBJC_MSGSEND = YES;
				GCC_C_LANGUAGE_STANDARD = gnu99;
				GCC_DYNAMIC_NO_PIC = NO;
				GCC_OPTIMIZATION_LEVEL = 0;
				GCC_PREPROCESSOR_DEFINITIONS = (
					"DEBUG=1",
					"$(inherited)",
				);
				GCC_SYMBOLS_PRIVATE_EXTERN = NO;
				GCC_WARN_64_TO_32_BIT_CONVERSION = YES;
				GCC_WARN_ABOUT_RETURN_TYPE = YES_ERROR;
				GCC_WARN_UNDECLARED_SELECTOR = YES;
				GCC_WARN_UNINITIALIZED_AUTOS = YES_AGGRESSIVE;
				GCC_WARN_UNUSED_FUNCTION = YES;
				GCC_WARN_UNUSED_VARIABLE = YES;
				MACOSX_DEPLOYMENT_TARGET = 10.10;
				MTL_ENABLE_DEBUG_INFO = YES;
				ONLY_ACTIVE_ARCH = YES;
				SDKROOT = macosx;
			};
			name = Debug;
		};
		10CED2E31A3A2A9300735617 /* Release */ = {
			isa = XCBuildConfiguration;
			buildSettings = {
				ALWAYS_SEARCH_USER_PATHS = NO;
				CLANG_CXX_LANGUAGE_STANDARD = "gnu++0x";
				CLANG_CXX_LIBRARY = "libc++";
				CLANG_ENABLE_MODULES = YES;
				CLANG_ENABLE_OBJC_ARC = YES;
				CLANG_WARN_BOOL_CONVERSION = YES;
				CLANG_WARN_CONSTANT_CONVERSION = YES;
				CLANG_WARN_DIRECT_OBJC_ISA_USAGE = YES_ERROR;
				CLANG_WARN_EMPTY_BODY = YES;
				CLANG_WARN_ENUM_CONVERSION = YES;
				CLANG_WARN_INT_CONVERSION = YES;
				CLANG_WARN_OBJC_ROOT_CLASS = YES_ERROR;
				CLANG_WARN_UNREACHABLE_CODE = YES;
				CLANG_WARN__DUPLICATE_METHOD_MATCH = YES;
				COPY_PHASE_STRIP = YES;
				DEBUG_INFORMATION_FORMAT = "dwarf-with-dsym";
				ENABLE_NS_ASSERTIONS = NO;
				ENABLE_STRICT_OBJC_MSGSEND = YES;
				GCC_C_LANGUAGE_STANDARD = gnu99;
				GCC_WARN_64_TO_32_BIT_CONVERSION = YES;
				GCC_WARN_ABOUT_RETURN_TYPE = YES_ERROR;
				GCC_WARN_UNDECLARED_SELECTOR = YES;
				GCC_WARN_UNINITIALIZED_AUTOS = YES_AGGRESSIVE;
				GCC_WARN_UNUSED_FUNCTION = YES;
				GCC_WARN_UNUSED_VARIABLE = YES;
				MACOSX_DEPLOYMENT_TARGET = 10.10;
				MTL_ENABLE_DEBUG_INFO = NO;
				SDKROOT = macosx;
			};
			name = Release;
		};
		10CED2E51A3A2A9300735617 /* Debug */ = {
			isa = XCBuildConfiguration;
			buildSettings = {
				EXECUTABLE_PREFIX = lib;
				GCC_ENABLE_CPP_EXCEPTIONS = YES;
				GCC_ENABLE_CPP_RTTI = YES;
				GCC_SYMBOLS_PRIVATE_EXTERN = NO;
				PRODUCT_NAME = "$(TARGET_NAME)";
			};
			name = Debug;
		};
		10CED2E61A3A2A9300735617 /* Release */ = {
			isa = XCBuildConfiguration;
			buildSettings = {
				EXECUTABLE_PREFIX = lib;
				GCC_ENABLE_CPP_EXCEPTIONS = YES;
				GCC_ENABLE_CPP_RTTI = YES;
				GCC_SYMBOLS_PRIVATE_EXTERN = NO;
				PRODUCT_NAME = "$(TARGET_NAME)";
			};
			name = Release;
		};
/* End XCBuildConfiguration section */

/* Begin XCConfigurationList section */
		10CED2D41A3A2A9300735617 /* Build configuration list for PBXProject "GameSystems" */ = {
			isa = XCConfigurationList;
			buildConfigurations = (
				10CED2E21A3A2A9300735617 /* Debug */,
				10CED2E31A3A2A9300735617 /* Release */,
			);
			defaultConfigurationIsVisible = 0;
			defaultConfigurationName = Release;
		};
		10CED2E41A3A2A9300735617 /* Build configuration list for PBXNativeTarget "GameSystems" */ = {
			isa = XCConfigurationList;
			buildConfigurations = (
				10CED2E51A3A2A9300735617 /* Debug */,
				10CED2E61A3A2A9300735617 /* Release */,
			);
			defaultConfigurationIsVisible = 0;
		};
/* End XCConfigurationList section */
	};
	rootObject = 10CED2D11A3A2A9300735617 /* Project object */;
}
