Microsoft Visual Studio Solution File, Format Version 12.00
# Visual Studio 2012
Project("{8BC9CEB8-8B4A-11D0-8D11-00A0C91BC942}") = "BulletCollision", "src\BulletCollision\BulletCollision.vcxproj", "{1F8BEAB2-8CBA-41FF-A0CC-2CC56B0641BF}"
EndProject
Project("{8BC9CEB8-8B4A-11D0-8D11-00A0C91BC942}") = "BulletDynamics", "src\BulletDynamics\BulletDynamics.vcxproj", "{C804ADB4-5464-4A7C-B334-7C7D1B155E01}"
EndProject
Project("{8BC9CEB8-8B4A-11D0-8D11-00A0C91BC942}") = "BulletSoftBody", "src\BulletSoftBody\BulletSoftBody.vcxproj", "{2D52B15D-8359-416B-9F5C-EEFAF9B8B98F}"
EndProject
Project("{8BC9CEB8-8B4A-11D0-8D11-00A0C91BC942}") = "LinearMath", "src\LinearMath\LinearMath.vcxproj", "{D63945D2-B0F1-4622-91A8-9810DF369C77}"
EndProject
Global
	GlobalSection(SolutionConfigurationPlatforms) = preSolution
		Debug|Win32 = Debug|Win32
		MinSizeRel|Win32 = MinSizeRel|Win32
		Release|Win32 = Release|Win32
		RelWithDebInfo|Win32 = RelWithDebInfo|Win32
	EndGlobalSection
	GlobalSection(ProjectConfigurationPlatforms) = postSolution
		{1F8BEAB2-8CBA-41FF-A0CC-2CC56B0641BF}.Debug|Win32.ActiveCfg = Debug|Win32
		{1F8BEAB2-8CBA-41FF-A0CC-2CC56B0641BF}.Debug|Win32.Build.0 = Debug|Win32
		{1F8BEAB2-8CBA-41FF-A0CC-2CC56B0641BF}.MinSizeRel|Win32.ActiveCfg = MinSizeRel|Win32
		{1F8BEAB2-8CBA-41FF-A0CC-2CC56B0641BF}.MinSizeRel|Win32.Build.0 = MinSizeRel|Win32
		{1F8BEAB2-8CBA-41FF-A0CC-2CC56B0641BF}.Release|Win32.ActiveCfg = Release|Win32
		{1F8BEAB2-8CBA-41FF-A0CC-2CC56B0641BF}.Release|Win32.Build.0 = Release|Win32
		{1F8BEAB2-8CBA-41FF-A0CC-2CC56B0641BF}.RelWithDebInfo|Win32.ActiveCfg = RelWithDebInfo|Win32
		{1F8BEAB2-8CBA-41FF-A0CC-2CC56B0641BF}.RelWithDebInfo|Win32.Build.0 = RelWithDebInfo|Win32
		{C804ADB4-5464-4A7C-B334-7C7D1B155E01}.Debug|Win32.ActiveCfg = Debug|Win32
		{C804ADB4-5464-4A7C-B334-7C7D1B155E01}.Debug|Win32.Build.0 = Debug|Win32
		{C804ADB4-5464-4A7C-B334-7C7D1B155E01}.MinSizeRel|Win32.ActiveCfg = MinSizeRel|Win32
		{C804ADB4-5464-4A7C-B334-7C7D1B155E01}.MinSizeRel|Win32.Build.0 = MinSizeRel|Win32
		{C804ADB4-5464-4A7C-B334-7C7D1B155E01}.Release|Win32.ActiveCfg = Release|Win32
		{C804ADB4-5464-4A7C-B334-7C7D1B155E01}.Release|Win32.Build.0 = Release|Win32
		{C804ADB4-5464-4A7C-B334-7C7D1B155E01}.RelWithDebInfo|Win32.ActiveCfg = RelWithDebInfo|Win32
		{C804ADB4-5464-4A7C-B334-7C7D1B155E01}.RelWithDebInfo|Win32.Build.0 = RelWithDebInfo|Win32
		{2D52B15D-8359-416B-9F5C-EEFAF9B8B98F}.Debug|Win32.ActiveCfg = Debug|Win32
		{2D52B15D-8359-416B-9F5C-EEFAF9B8B98F}.Debug|Win32.Build.0 = Debug|Win32
		{2D52B15D-8359-416B-9F5C-EEFAF9B8B98F}.MinSizeRel|Win32.ActiveCfg = MinSizeRel|Win32
		{2D52B15D-8359-416B-9F5C-EEFAF9B8B98F}.MinSizeRel|Win32.Build.0 = MinSizeRel|Win32
		{2D52B15D-8359-416B-9F5C-EEFAF9B8B98F}.Release|Win32.ActiveCfg = Release|Win32
		{2D52B15D-8359-416B-9F5C-EEFAF9B8B98F}.Release|Win32.Build.0 = Release|Win32
		{2D52B15D-8359-416B-9F5C-EEFAF9B8B98F}.RelWithDebInfo|Win32.ActiveCfg = RelWithDebInfo|Win32
		{2D52B15D-8359-416B-9F5C-EEFAF9B8B98F}.RelWithDebInfo|Win32.Build.0 = RelWithDebInfo|Win32
		{D63945D2-B0F1-4622-91A8-9810DF369C77}.Debug|Win32.ActiveCfg = Debug|Win32
		{D63945D2-B0F1-4622-91A8-9810DF369C77}.Debug|Win32.Build.0 = Debug|Win32
		{D63945D2-B0F1-4622-91A8-9810DF369C77}.MinSizeRel|Win32.ActiveCfg = MinSizeRel|Win32
		{D63945D2-B0F1-4622-91A8-9810DF369C77}.MinSizeRel|Win32.Build.0 = MinSizeRel|Win32
		{D63945D2-B0F1-4622-91A8-9810DF369C77}.Release|Win32.ActiveCfg = Release|Win32
		{D63945D2-B0F1-4622-91A8-9810DF369C77}.Release|Win32.Build.0 = Release|Win32
		{D63945D2-B0F1-4622-91A8-9810DF369C77}.RelWithDebInfo|Win32.ActiveCfg = RelWithDebInfo|Win32
		{D63945D2-B0F1-4622-91A8-9810DF369C77}.RelWithDebInfo|Win32.Build.0 = RelWithDebInfo|Win32
	EndGlobalSection
	GlobalSection(SolutionProperties) = preSolution
		HideSolutionNode = FALSE
	EndGlobalSection
EndGlobal
