// !$*UTF8*$!
{
	archiveVersion = 1;
	classes = {
	};
	objectVersion = 46;
	objects = {

/* Begin PBXBuildFile section */
		100F58231A3F5FCD00309FBA /* libBullet.a in Frameworks */ = {isa = PBXBuildFile; fileRef = 100F58221A3F5FCD00309FBA /* libBullet.a */; };
		100F58251A3F614E00309FBA /* libBullet.a in Frameworks */ = {isa = PBXBuildFile; fileRef = 100F58241A3F614E00309FBA /* libBullet.a */; };
		100F58501A3F640300309FBA /* libAssimp.a in Frameworks */ = {isa = PBXBuildFile; fileRef = 100F584F1A3F640300309FBA /* libAssimp.a */; };
		100F58521A3F641300309FBA /* libAssimp.a in Frameworks */ = {isa = PBXBuildFile; fileRef = 100F58511A3F641300309FBA /* libAssimp.a */; };
		10BE143F1A3CD03700B97CF2 /* Game.cpp in Sources */ = {isa = PBXBuildFile; fileRef = 10BE143C1A3CD03700B97CF2 /* Game.cpp */; };
		10BE14401A3CD03700B97CF2 /* GameTimer.cpp in Sources */ = {isa = PBXBuildFile; fileRef = 10BE143D1A3CD03700B97CF2 /* GameTimer.cpp */; };
		10BE14411A3CD03700B97CF2 /* Main.cpp in Sources */ = {isa = PBXBuildFile; fileRef = 10BE143E1A3CD03700B97CF2 /* Main.cpp */; };
		10BE14551A3CD2A200B97CF2 /* libAssetManager.a in Frameworks */ = {isa = PBXBuildFile; fileRef = 10BE14421A3CD2A200B97CF2 /* libAssetManager.a */; };
		10BE14561A3CD2A200B97CF2 /* libCommonResources.a in Frameworks */ = {isa = PBXBuildFile; fileRef = 10BE14431A3CD2A200B97CF2 /* libCommonResources.a */; };
		10BE14571A3CD2A200B97CF2 /* libEntitySystem.a in Frameworks */ = {isa = PBXBuildFile; fileRef = 10BE14441A3CD2A200B97CF2 /* libEntitySystem.a */; };
		10BE14581A3CD2A200B97CF2 /* libGameComponentFactory.a in Frameworks */ = {isa = PBXBuildFile; fileRef = 10BE14451A3CD2A200B97CF2 /* libGameComponentFactory.a */; };
		10BE14591A3CD2A200B97CF2 /* libGameComponentInterfaces.a in Frameworks */ = {isa = PBXBuildFile; fileRef = 10BE14461A3CD2A200B97CF2 /* libGameComponentInterfaces.a */; };
		10BE145A1A3CD2A200B97CF2 /* libGameSystems.a in Frameworks */ = {isa = PBXBuildFile; fileRef = 10BE14471A3CD2A200B97CF2 /* libGameSystems.a */; };
		10BE145B1A3CD2A200B97CF2 /* libGraphicsResources.a in Frameworks */ = {isa = PBXBuildFile; fileRef = 10BE14481A3CD2A200B97CF2 /* libGraphicsResources.a */; };
		10BE145C1A3CD2A200B97CF2 /* libHTTPClient.a in Frameworks */ = {isa = PBXBuildFile; fileRef = 10BE14491A3CD2A200B97CF2 /* libHTTPClient.a */; };
		10BE145D1A3CD2A200B97CF2 /* libInput.a in Frameworks */ = {isa = PBXBuildFile; fileRef = 10BE144A1A3CD2A200B97CF2 /* libInput.a */; };
		10BE145E1A3CD2A200B97CF2 /* libLoadedWorld.a in Frameworks */ = {isa = PBXBuildFile; fileRef = 10BE144B1A3CD2A200B97CF2 /* libLoadedWorld.a */; };
		10BE145F1A3CD2A200B97CF2 /* libLogger.a in Frameworks */ = {isa = PBXBuildFile; fileRef = 10BE144C1A3CD2A200B97CF2 /* libLogger.a */; };
		10BE14601A3CD2A200B97CF2 /* libMath.a in Frameworks */ = {isa = PBXBuildFile; fileRef = 10BE144D1A3CD2A200B97CF2 /* libMath.a */; };
		10BE14611A3CD2A200B97CF2 /* libMockScripting.a in Frameworks */ = {isa = PBXBuildFile; fileRef = 10BE144E1A3CD2A200B97CF2 /* libMockScripting.a */; };
		10BE14621A3CD2A200B97CF2 /* libModelLoader.a in Frameworks */ = {isa = PBXBuildFile; fileRef = 10BE144F1A3CD2A200B97CF2 /* libModelLoader.a */; };
		10BE14631A3CD2A200B97CF2 /* libOpenGLGraphics.a in Frameworks */ = {isa = PBXBuildFile; fileRef = 10BE14501A3CD2A200B97CF2 /* libOpenGLGraphics.a */; };
		10BE14641A3CD2A200B97CF2 /* libScripting.a in Frameworks */ = {isa = PBXBuildFile; fileRef = 10BE14511A3CD2A200B97CF2 /* libScripting.a */; };
		10BE14651A3CD2A200B97CF2 /* libSettings.a in Frameworks */ = {isa = PBXBuildFile; fileRef = 10BE14521A3CD2A200B97CF2 /* libSettings.a */; };
		10BE14661A3CD2A200B97CF2 /* libUtility.a in Frameworks */ = {isa = PBXBuildFile; fileRef = 10BE14531A3CD2A200B97CF2 /* libUtility.a */; };
		10BE14671A3CD2A200B97CF2 /* libWorldLoader.a in Frameworks */ = {isa = PBXBuildFile; fileRef = 10BE14541A3CD2A200B97CF2 /* libWorldLoader.a */; };
		10C9633E1A49CFB000F4BCC7 /* libBulletPhysics.a in Frameworks */ = {isa = PBXBuildFile; fileRef = 10C9633D1A49CFB000F4BCC7 /* libBulletPhysics.a */; };
		10CAC82A1A4640E200D9548D /* libXWindowsWindow.a in Frameworks */ = {isa = PBXBuildFile; fileRef = 10CAC8291A4640E200D9548D /* libXWindowsWindow.a */; };
		10CC94FC1A477A7A005DC43D /* libglew.a in Frameworks */ = {isa = PBXBuildFile; fileRef = 10CC94FB1A477A7A005DC43D /* libglew.a */; };
		10D76FDB1A421B2D00EABEFF /* libMacWindow.a in Frameworks */ = {isa = PBXBuildFile; fileRef = 10D76FDA1A421B2D00EABEFF /* libMacWindow.a */; };
/* End PBXBuildFile section */

/* Begin PBXCopyFilesBuildPhase section */
		10BE142C1A3CD02000B97CF2 /* CopyFiles */ = {
			isa = PBXCopyFilesBuildPhase;
			buildActionMask = 2147483647;
			dstPath = /usr/share/man/man1/;
			dstSubfolderSpec = 0;
			files = (
			);
			runOnlyForDeploymentPostprocessing = 1;
		};
/* End PBXCopyFilesBuildPhase section */

/* Begin PBXFileReference section */
		100F58221A3F5FCD00309FBA /* libBullet.a */ = {isa = PBXFileReference; lastKnownFileType = archive.ar; name = libBullet.a; path = ../Bullet/Bin/Mac/Release/libBullet.a; sourceTree = "<group>"; };
		100F58241A3F614E00309FBA /* libBullet.a */ = {isa = PBXFileReference; lastKnownFileType = archive.ar; name = libBullet.a; path = ../Bullet/Bin/Mac/Debug/libBullet.a; sourceTree = "<group>"; };
		100F584D1A3F61D300309FBA /* libBulletPhysics.a */ = {isa = PBXFileReference; lastKnownFileType = archive.ar; name = libBulletPhysics.a; path = ../BulletPhysics/build/Debug/libBulletPhysics.a; sourceTree = "<group>"; };
		100F584F1A3F640300309FBA /* libAssimp.a */ = {isa = PBXFileReference; lastKnownFileType = archive.ar; name = libAssimp.a; path = ../Assimp/Bin/Mac/Debug/libAssimp.a; sourceTree = "<group>"; };
		100F58511A3F641300309FBA /* libAssimp.a */ = {isa = PBXFileReference; lastKnownFileType = archive.ar; name = libAssimp.a; path = ../Assimp/Bin/Mac/Release/libAssimp.a; sourceTree = "<group>"; };
		100F58531A3F65C600309FBA /* OpenGL.framework */ = {isa = PBXFileReference; lastKnownFileType = wrapper.framework; name = OpenGL.framework; path = System/Library/Frameworks/OpenGL.framework; sourceTree = SDKROOT; };
		10BE142E1A3CD02000B97CF2 /* Game */ = {isa = PBXFileReference; explicitFileType = "compiled.mach-o.executable"; includeInIndex = 0; path = Game; sourceTree = BUILT_PRODUCTS_DIR; };
		10BE14391A3CD03700B97CF2 /* Game.hpp */ = {isa = PBXFileReference; fileEncoding = 4; lastKnownFileType = sourcecode.cpp.h; path = Game.hpp; sourceTree = "<group>"; };
		10BE143A1A3CD03700B97CF2 /* GameTimer.hpp */ = {isa = PBXFileReference; fileEncoding = 4; lastKnownFileType = sourcecode.cpp.h; path = GameTimer.hpp; sourceTree = "<group>"; };
		10BE143C1A3CD03700B97CF2 /* Game.cpp */ = {isa = PBXFileReference; fileEncoding = 4; lastKnownFileType = sourcecode.cpp.cpp; path = Game.cpp; sourceTree = "<group>"; };
		10BE143D1A3CD03700B97CF2 /* GameTimer.cpp */ = {isa = PBXFileReference; fileEncoding = 4; lastKnownFileType = sourcecode.cpp.cpp; path = GameTimer.cpp; sourceTree = "<group>"; };
		10BE143E1A3CD03700B97CF2 /* Main.cpp */ = {isa = PBXFileReference; fileEncoding = 4; lastKnownFileType = sourcecode.cpp.cpp; path = Main.cpp; sourceTree = "<group>"; };
		10BE14421A3CD2A200B97CF2 /* libAssetManager.a */ = {isa = PBXFileReference; lastKnownFileType = archive.ar; name = libAssetManager.a; path = "../../Library/Developer/Xcode/DerivedData/Game-anlieiphutwhmyagwgroscirxvae/Build/Products/Debug/libAssetManager.a"; sourceTree = "<group>"; };
		10BE14431A3CD2A200B97CF2 /* libCommonResources.a */ = {isa = PBXFileReference; lastKnownFileType = archive.ar; name = libCommonResources.a; path = "../../Library/Developer/Xcode/DerivedData/Game-anlieiphutwhmyagwgroscirxvae/Build/Products/Debug/libCommonResources.a"; sourceTree = "<group>"; };
		10BE14441A3CD2A200B97CF2 /* libEntitySystem.a */ = {isa = PBXFileReference; lastKnownFileType = archive.ar; name = libEntitySystem.a; path = "../../Library/Developer/Xcode/DerivedData/Game-anlieiphutwhmyagwgroscirxvae/Build/Products/Debug/libEntitySystem.a"; sourceTree = "<group>"; };
		10BE14451A3CD2A200B97CF2 /* libGameComponentFactory.a */ = {isa = PBXFileReference; lastKnownFileType = archive.ar; name = libGameComponentFactory.a; path = "../../Library/Developer/Xcode/DerivedData/Game-anlieiphutwhmyagwgroscirxvae/Build/Products/Debug/libGameComponentFactory.a"; sourceTree = "<group>"; };
		10BE14461A3CD2A200B97CF2 /* libGameComponentInterfaces.a */ = {isa = PBXFileReference; lastKnownFileType = archive.ar; name = libGameComponentInterfaces.a; path = "../../Library/Developer/Xcode/DerivedData/Game-anlieiphutwhmyagwgroscirxvae/Build/Products/Debug/libGameComponentInterfaces.a"; sourceTree = "<group>"; };
		10BE14471A3CD2A200B97CF2 /* libGameSystems.a */ = {isa = PBXFileReference; lastKnownFileType = archive.ar; name = libGameSystems.a; path = "../../Library/Developer/Xcode/DerivedData/Game-anlieiphutwhmyagwgroscirxvae/Build/Products/Debug/libGameSystems.a"; sourceTree = "<group>"; };
		10BE14481A3CD2A200B97CF2 /* libGraphicsResources.a */ = {isa = PBXFileReference; lastKnownFileType = archive.ar; name = libGraphicsResources.a; path = "../../Library/Developer/Xcode/DerivedData/Game-anlieiphutwhmyagwgroscirxvae/Build/Products/Debug/libGraphicsResources.a"; sourceTree = "<group>"; };
		10BE14491A3CD2A200B97CF2 /* libHTTPClient.a */ = {isa = PBXFileReference; lastKnownFileType = archive.ar; name = libHTTPClient.a; path = "../../Library/Developer/Xcode/DerivedData/Game-anlieiphutwhmyagwgroscirxvae/Build/Products/Debug/libHTTPClient.a"; sourceTree = "<group>"; };
		10BE144A1A3CD2A200B97CF2 /* libInput.a */ = {isa = PBXFileReference; lastKnownFileType = archive.ar; name = libInput.a; path = "../../Library/Developer/Xcode/DerivedData/Game-anlieiphutwhmyagwgroscirxvae/Build/Products/Debug/libInput.a"; sourceTree = "<group>"; };
		10BE144B1A3CD2A200B97CF2 /* libLoadedWorld.a */ = {isa = PBXFileReference; lastKnownFileType = archive.ar; name = libLoadedWorld.a; path = "../../Library/Developer/Xcode/DerivedData/Game-anlieiphutwhmyagwgroscirxvae/Build/Products/Debug/libLoadedWorld.a"; sourceTree = "<group>"; };
		10BE144C1A3CD2A200B97CF2 /* libLogger.a */ = {isa = PBXFileReference; lastKnownFileType = archive.ar; name = libLogger.a; path = "../../Library/Developer/Xcode/DerivedData/Game-anlieiphutwhmyagwgroscirxvae/Build/Products/Debug/libLogger.a"; sourceTree = "<group>"; };
		10BE144D1A3CD2A200B97CF2 /* libMath.a */ = {isa = PBXFileReference; lastKnownFileType = archive.ar; name = libMath.a; path = "../../Library/Developer/Xcode/DerivedData/Game-anlieiphutwhmyagwgroscirxvae/Build/Products/Debug/libMath.a"; sourceTree = "<group>"; };
		10BE144E1A3CD2A200B97CF2 /* libMockScripting.a */ = {isa = PBXFileReference; lastKnownFileType = archive.ar; name = libMockScripting.a; path = "../../Library/Developer/Xcode/DerivedData/Game-anlieiphutwhmyagwgroscirxvae/Build/Products/Debug/libMockScripting.a"; sourceTree = "<group>"; };
		10BE144F1A3CD2A200B97CF2 /* libModelLoader.a */ = {isa = PBXFileReference; lastKnownFileType = archive.ar; name = libModelLoader.a; path = "../../Library/Developer/Xcode/DerivedData/Game-anlieiphutwhmyagwgroscirxvae/Build/Products/Debug/libModelLoader.a"; sourceTree = "<group>"; };
		10BE14501A3CD2A200B97CF2 /* libOpenGLGraphics.a */ = {isa = PBXFileReference; lastKnownFileType = archive.ar; name = libOpenGLGraphics.a; path = "../../Library/Developer/Xcode/DerivedData/Game-anlieiphutwhmyagwgroscirxvae/Build/Products/Debug/libOpenGLGraphics.a"; sourceTree = "<group>"; };
		10BE14511A3CD2A200B97CF2 /* libScripting.a */ = {isa = PBXFileReference; lastKnownFileType = archive.ar; name = libScripting.a; path = "../../Library/Developer/Xcode/DerivedData/Game-anlieiphutwhmyagwgroscirxvae/Build/Products/Debug/libScripting.a"; sourceTree = "<group>"; };
		10BE14521A3CD2A200B97CF2 /* libSettings.a */ = {isa = PBXFileReference; lastKnownFileType = archive.ar; name = libSettings.a; path = "../../Library/Developer/Xcode/DerivedData/Game-anlieiphutwhmyagwgroscirxvae/Build/Products/Debug/libSettings.a"; sourceTree = "<group>"; };
		10BE14531A3CD2A200B97CF2 /* libUtility.a */ = {isa = PBXFileReference; lastKnownFileType = archive.ar; name = libUtility.a; path = "../../Library/Developer/Xcode/DerivedData/Game-anlieiphutwhmyagwgroscirxvae/Build/Products/Debug/libUtility.a"; sourceTree = "<group>"; };
		10BE14541A3CD2A200B97CF2 /* libWorldLoader.a */ = {isa = PBXFileReference; lastKnownFileType = archive.ar; name = libWorldLoader.a; path = "../../Library/Developer/Xcode/DerivedData/Game-anlieiphutwhmyagwgroscirxvae/Build/Products/Debug/libWorldLoader.a"; sourceTree = "<group>"; };
		10C9633D1A49CFB000F4BCC7 /* libBulletPhysics.a */ = {isa = PBXFileReference; lastKnownFileType = archive.ar; name = libBulletPhysics.a; path = ../Bin/Mac/Debug/libBulletPhysics.a; sourceTree = "<group>"; };
		10CAC8291A4640E200D9548D /* libXWindowsWindow.a */ = {isa = PBXFileReference; lastKnownFileType = archive.ar; name = libXWindowsWindow.a; path = ../Bin/Mac/Debug/libXWindowsWindow.a; sourceTree = "<group>"; };
		10CC94FB1A477A7A005DC43D /* libglew.a */ = {isa = PBXFileReference; lastKnownFileType = archive.ar; name = libglew.a; path = ../Bin/Mac/Debug/libglew.a; sourceTree = "<group>"; };
		10D76FDA1A421B2D00EABEFF /* libMacWindow.a */ = {isa = PBXFileReference; lastKnownFileType = archive.ar; name = libMacWindow.a; path = ../Bin/Mac/Debug/libMacWindow.a; sourceTree = "<group>"; };
/* End PBXFileReference section */

/* Begin PBXFrameworksBuildPhase section */
		10BE142B1A3CD02000B97CF2 /* Frameworks */ = {
			isa = PBXFrameworksBuildPhase;
			buildActionMask = 2147483647;
			files = (
				10C9633E1A49CFB000F4BCC7 /* libBulletPhysics.a in Frameworks */,
				10CC94FC1A477A7A005DC43D /* libglew.a in Frameworks */,
				10CAC82A1A4640E200D9548D /* libXWindowsWindow.a in Frameworks */,
				10D76FDB1A421B2D00EABEFF /* libMacWindow.a in Frameworks */,
				100F58521A3F641300309FBA /* libAssimp.a in Frameworks */,
				100F58501A3F640300309FBA /* libAssimp.a in Frameworks */,
				100F58251A3F614E00309FBA /* libBullet.a in Frameworks */,
				100F58231A3F5FCD00309FBA /* libBullet.a in Frameworks */,
				10BE14551A3CD2A200B97CF2 /* libAssetManager.a in Frameworks */,
				10BE14561A3CD2A200B97CF2 /* libCommonResources.a in Frameworks */,
				10BE14571A3CD2A200B97CF2 /* libEntitySystem.a in Frameworks */,
				10BE14581A3CD2A200B97CF2 /* libGameComponentFactory.a in Frameworks */,
				10BE14591A3CD2A200B97CF2 /* libGameComponentInterfaces.a in Frameworks */,
				10BE145A1A3CD2A200B97CF2 /* libGameSystems.a in Frameworks */,
				10BE145B1A3CD2A200B97CF2 /* libGraphicsResources.a in Frameworks */,
				10BE145C1A3CD2A200B97CF2 /* libHTTPClient.a in Frameworks */,
				10BE145D1A3CD2A200B97CF2 /* libInput.a in Frameworks */,
				10BE145E1A3CD2A200B97CF2 /* libLoadedWorld.a in Frameworks */,
				10BE145F1A3CD2A200B97CF2 /* libLogger.a in Frameworks */,
				10BE14601A3CD2A200B97CF2 /* libMath.a in Frameworks */,
				10BE14611A3CD2A200B97CF2 /* libMockScripting.a in Frameworks */,
				10BE14621A3CD2A200B97CF2 /* libModelLoader.a in Frameworks */,
				10BE14631A3CD2A200B97CF2 /* libOpenGLGraphics.a in Frameworks */,
				10BE14641A3CD2A200B97CF2 /* libScripting.a in Frameworks */,
				10BE14651A3CD2A200B97CF2 /* libSettings.a in Frameworks */,
				10BE14661A3CD2A200B97CF2 /* libUtility.a in Frameworks */,
				10BE14671A3CD2A200B97CF2 /* libWorldLoader.a in Frameworks */,
			);
			runOnlyForDeploymentPostprocessing = 0;
		};
/* End PBXFrameworksBuildPhase section */

/* Begin PBXGroup section */
		10BE14251A3CD02000B97CF2 = {
			isa = PBXGroup;
			children = (
				10C9633D1A49CFB000F4BCC7 /* libBulletPhysics.a */,
				10CC94FB1A477A7A005DC43D /* libglew.a */,
				10CAC8291A4640E200D9548D /* libXWindowsWindow.a */,
				10D76FDA1A421B2D00EABEFF /* libMacWindow.a */,
				100F58531A3F65C600309FBA /* OpenGL.framework */,
				100F58511A3F641300309FBA /* libAssimp.a */,
				100F584F1A3F640300309FBA /* libAssimp.a */,
				100F584D1A3F61D300309FBA /* libBulletPhysics.a */,
				100F58241A3F614E00309FBA /* libBullet.a */,
				100F58221A3F5FCD00309FBA /* libBullet.a */,
				10BE14421A3CD2A200B97CF2 /* libAssetManager.a */,
				10BE14431A3CD2A200B97CF2 /* libCommonResources.a */,
				10BE14441A3CD2A200B97CF2 /* libEntitySystem.a */,
				10BE14451A3CD2A200B97CF2 /* libGameComponentFactory.a */,
				10BE14461A3CD2A200B97CF2 /* libGameComponentInterfaces.a */,
				10BE14471A3CD2A200B97CF2 /* libGameSystems.a */,
				10BE14481A3CD2A200B97CF2 /* libGraphicsResources.a */,
				10BE14491A3CD2A200B97CF2 /* libHTTPClient.a */,
				10BE144A1A3CD2A200B97CF2 /* libInput.a */,
				10BE144B1A3CD2A200B97CF2 /* libLoadedWorld.a */,
				10BE144C1A3CD2A200B97CF2 /* libLogger.a */,
				10BE144D1A3CD2A200B97CF2 /* libMath.a */,
				10BE144E1A3CD2A200B97CF2 /* libMockScripting.a */,
				10BE144F1A3CD2A200B97CF2 /* libModelLoader.a */,
				10BE14501A3CD2A200B97CF2 /* libOpenGLGraphics.a */,
				10BE14511A3CD2A200B97CF2 /* libScripting.a */,
				10BE14521A3CD2A200B97CF2 /* libSettings.a */,
				10BE14531A3CD2A200B97CF2 /* libUtility.a */,
				10BE14541A3CD2A200B97CF2 /* libWorldLoader.a */,
				10BE14381A3CD03700B97CF2 /* Include */,
				10BE143B1A3CD03700B97CF2 /* Source */,
				10BE142F1A3CD02000B97CF2 /* Products */,
			);
			sourceTree = "<group>";
		};
		10BE142F1A3CD02000B97CF2 /* Products */ = {
			isa = PBXGroup;
			children = (
				10BE142E1A3CD02000B97CF2 /* Game */,
			);
			name = Products;
			sourceTree = "<group>";
		};
		10BE14381A3CD03700B97CF2 /* Include */ = {
			isa = PBXGroup;
			children = (
				10BE14391A3CD03700B97CF2 /* Game.hpp */,
				10BE143A1A3CD03700B97CF2 /* GameTimer.hpp */,
			);
			path = Include;
			sourceTree = "<group>";
		};
		10BE143B1A3CD03700B97CF2 /* Source */ = {
			isa = PBXGroup;
			children = (
				10BE143C1A3CD03700B97CF2 /* Game.cpp */,
				10BE143D1A3CD03700B97CF2 /* GameTimer.cpp */,
				10BE143E1A3CD03700B97CF2 /* Main.cpp */,
			);
			path = Source;
			sourceTree = "<group>";
		};
/* End PBXGroup section */

/* Begin PBXNativeTarget section */
		10BE142D1A3CD02000B97CF2 /* Game */ = {
			isa = PBXNativeTarget;
			buildConfigurationList = 10BE14351A3CD02000B97CF2 /* Build configuration list for PBXNativeTarget "Game" */;
			buildPhases = (
				10BE142A1A3CD02000B97CF2 /* Sources */,
				10BE142B1A3CD02000B97CF2 /* Frameworks */,
				10BE142C1A3CD02000B97CF2 /* CopyFiles */,
			);
			buildRules = (
			);
			dependencies = (
			);
			name = Game;
			productName = Game;
			productReference = 10BE142E1A3CD02000B97CF2 /* Game */;
			productType = "com.apple.product-type.tool";
		};
/* End PBXNativeTarget section */

/* Begin PBXProject section */
		10BE14261A3CD02000B97CF2 /* Project object */ = {
			isa = PBXProject;
			attributes = {
				LastUpgradeCheck = 0610;
				ORGANIZATIONNAME = "Jordan Littlefair";
				TargetAttributes = {
					10BE142D1A3CD02000B97CF2 = {
						CreatedOnToolsVersion = 6.1.1;
					};
				};
			};
			buildConfigurationList = 10BE14291A3CD02000B97CF2 /* Build configuration list for PBXProject "Game" */;
			compatibilityVersion = "Xcode 3.2";
			developmentRegion = English;
			hasScannedForEncodings = 0;
			knownRegions = (
				en,
			);
			mainGroup = 10BE14251A3CD02000B97CF2;
			productRefGroup = 10BE142F1A3CD02000B97CF2 /* Products */;
			projectDirPath = "";
			projectRoot = "";
			targets = (
				10BE142D1A3CD02000B97CF2 /* Game */,
			);
		};
/* End PBXProject section */

/* Begin PBXSourcesBuildPhase section */
		10BE142A1A3CD02000B97CF2 /* Sources */ = {
			isa = PBXSourcesBuildPhase;
			buildActionMask = 2147483647;
			files = (
				10BE14411A3CD03700B97CF2 /* Main.cpp in Sources */,
				10BE143F1A3CD03700B97CF2 /* Game.cpp in Sources */,
				10BE14401A3CD03700B97CF2 /* GameTimer.cpp in Sources */,
			);
			runOnlyForDeploymentPostprocessing = 0;
		};
/* End PBXSourcesBuildPhase section */

/* Begin XCBuildConfiguration section */
		10BE14331A3CD02000B97CF2 /* Debug */ = {
			isa = XCBuildConfiguration;
			buildSettings = {
				ALWAYS_SEARCH_USER_PATHS = NO;
				CLANG_CXX_LANGUAGE_STANDARD = "gnu++0x";
				CLANG_CXX_LIBRARY = "libc++";
				CLANG_ENABLE_MODULES = YES;
				CLANG_ENABLE_OBJC_ARC = YES;
				CLANG_WARN_BOOL_CONVERSION = YES;
				CLANG_WARN_CONSTANT_CONVERSION = YES;
				CLANG_WARN_DIRECT_OBJC_ISA_USAGE = YES_ERROR;
				CLANG_WARN_EMPTY_BODY = YES;
				CLANG_WARN_ENUM_CONVERSION = YES;
				CLANG_WARN_INT_CONVERSION = YES;
				CLANG_WARN_OBJC_ROOT_CLASS = YES_ERROR;
				CLANG_WARN_UNREACHABLE_CODE = YES;
				CLANG_WARN__DUPLICATE_METHOD_MATCH = YES;
				COPY_PHASE_STRIP = NO;
				ENABLE_STRICT_OBJC_MSGSEND = YES;
				GCC_C_LANGUAGE_STANDARD = gnu99;
				GCC_DYNAMIC_NO_PIC = NO;
				GCC_OPTIMIZATION_LEVEL = 0;
				GCC_PREPROCESSOR_DEFINITIONS = (
					"DEBUG=1",
					"$(inherited)",
				);
				GCC_SYMBOLS_PRIVATE_EXTERN = NO;
				GCC_WARN_64_TO_32_BIT_CONVERSION = YES;
				GCC_WARN_ABOUT_RETURN_TYPE = YES_ERROR;
				GCC_WARN_UNDECLARED_SELECTOR = YES;
				GCC_WARN_UNINITIALIZED_AUTOS = YES_AGGRESSIVE;
				GCC_WARN_UNUSED_FUNCTION = YES;
				GCC_WARN_UNUSED_VARIABLE = YES;
				MACOSX_DEPLOYMENT_TARGET = 10.10;
				MTL_ENABLE_DEBUG_INFO = YES;
				ONLY_ACTIVE_ARCH = YES;
				SDKROOT = macosx;
			};
			name = Debug;
		};
		10BE14341A3CD02000B97CF2 /* Release */ = {
			isa = XCBuildConfiguration;
			buildSettings = {
				ALWAYS_SEARCH_USER_PATHS = NO;
				CLANG_CXX_LANGUAGE_STANDARD = "gnu++0x";
				CLANG_CXX_LIBRARY = "libc++";
				CLANG_ENABLE_MODULES = YES;
				CLANG_ENABLE_OBJC_ARC = YES;
				CLANG_WARN_BOOL_CONVERSION = YES;
				CLANG_WARN_CONSTANT_CONVERSION = YES;
				CLANG_WARN_DIRECT_OBJC_ISA_USAGE = YES_ERROR;
				CLANG_WARN_EMPTY_BODY = YES;
				CLANG_WARN_ENUM_CONVERSION = YES;
				CLANG_WARN_INT_CONVERSION = YES;
				CLANG_WARN_OBJC_ROOT_CLASS = YES_ERROR;
				CLANG_WARN_UNREACHABLE_CODE = YES;
				CLANG_WARN__DUPLICATE_METHOD_MATCH = YES;
				COPY_PHASE_STRIP = YES;
				DEBUG_INFORMATION_FORMAT = "dwarf-with-dsym";
				ENABLE_NS_ASSERTIONS = NO;
				ENABLE_STRICT_OBJC_MSGSEND = YES;
				GCC_C_LANGUAGE_STANDARD = gnu99;
				GCC_WARN_64_TO_32_BIT_CONVERSION = YES;
				GCC_WARN_ABOUT_RETURN_TYPE = YES_ERROR;
				GCC_WARN_UNDECLARED_SELECTOR = YES;
				GCC_WARN_UNINITIALIZED_AUTOS = YES_AGGRESSIVE;
				GCC_WARN_UNUSED_FUNCTION = YES;
				GCC_WARN_UNUSED_VARIABLE = YES;
				MACOSX_DEPLOYMENT_TARGET = 10.10;
				MTL_ENABLE_DEBUG_INFO = NO;
				SDKROOT = macosx;
			};
			name = Release;
		};
		10BE14361A3CD02000B97CF2 /* Debug */ = {
			isa = XCBuildConfiguration;
			buildSettings = {
				LIBRARY_SEARCH_PATHS = (
					"$(inherited)",
					"$(USER_LIBRARY_DIR)/Developer/Xcode/DerivedData/Game-anlieiphutwhmyagwgroscirxvae/Build/Products/Debug",
					/Users/jordanlittlefair/Foundation/Bullet/Bin/Mac/Release,
					/Users/jordanlittlefair/Foundation/Bullet/Bin/Mac/Debug,
					/Users/jordanlittlefair/Foundation/Assimp/Bin/Mac/Debug,
					/Users/jordanlittlefair/Foundation/Assimp/Bin/Mac/Release,
					/Users/jordanlittlefair/Foundation/Bin/Mac/Debug,
					/usr/X11/lib,
				);
				OTHER_LDFLAGS = (
					"-lX11",
					"-lGL",
					"-lGLU",
				);
				PRODUCT_NAME = "$(TARGET_NAME)";
			};
			name = Debug;
		};
		10BE14371A3CD02000B97CF2 /* Release */ = {
			isa = XCBuildConfiguration;
			buildSettings = {
				LIBRARY_SEARCH_PATHS = (
					"$(inherited)",
					"$(USER_LIBRARY_DIR)/Developer/Xcode/DerivedData/Game-anlieiphutwhmyagwgroscirxvae/Build/Products/Debug",
					/Users/jordanlittlefair/Foundation/Bullet/Bin/Mac/Release,
					/Users/jordanlittlefair/Foundation/Bullet/Bin/Mac/Debug,
					/Users/jordanlittlefair/Foundation/Assimp/Bin/Mac/Debug,
					/Users/jordanlittlefair/Foundation/Assimp/Bin/Mac/Release,
					/Users/jordanlittlefair/Foundation/Bin/Mac/Debug,
					/usr/X11/lib,
				);
				OTHER_LDFLAGS = (
					"-lX11",
					"-lGL",
					"-lGLU",
				);
				PRODUCT_NAME = "$(TARGET_NAME)";
			};
			name = Release;
		};
/* End XCBuildConfiguration section */

/* Begin XCConfigurationList section */
		10BE14291A3CD02000B97CF2 /* Build configuration list for PBXProject "Game" */ = {
			isa = XCConfigurationList;
			buildConfigurations = (
				10BE14331A3CD02000B97CF2 /* Debug */,
				10BE14341A3CD02000B97CF2 /* Release */,
			);
			defaultConfigurationIsVisible = 0;
			defaultConfigurationName = Release;
		};
		10BE14351A3CD02000B97CF2 /* Build configuration list for PBXNativeTarget "Game" */ = {
			isa = XCConfigurationList;
			buildConfigurations = (
				10BE14361A3CD02000B97CF2 /* Debug */,
				10BE14371A3CD02000B97CF2 /* Release */,
			);
			defaultConfigurationIsVisible = 0;
			defaultConfigurationName = Release;
		};
/* End XCConfigurationList section */
	};
	rootObject = 10BE14261A3CD02000B97CF2 /* Project object */;
}
