// !$*UTF8*$!
{
	archiveVersion = 1;
	classes = {
	};
	objectVersion = 46;
	objects = {

/* Begin PBXBuildFile section */
		10CED28D1A3A263D00735617 /* LoadedWorld.hpp in Headers */ = {isa = PBXBuildFile; fileRef = 10CED28A1A3A263D00735617 /* LoadedWorld.hpp */; };
		10CED28E1A3A263D00735617 /* LoadedWorld.cpp in Sources */ = {isa = PBXBuildFile; fileRef = 10CED28C1A3A263D00735617 /* LoadedWorld.cpp */; };
/* End PBXBuildFile section */

/* Begin PBXFileReference section */
		10CED27B1A3A262000735617 /* libLoadedWorld.a */ = {isa = PBXFileReference; explicitFileType = archive.ar; includeInIndex = 0; path = libLoadedWorld.a; sourceTree = BUILT_PRODUCTS_DIR; };
		10CED28A1A3A263D00735617 /* LoadedWorld.hpp */ = {isa = PBXFileReference; fileEncoding = 4; lastKnownFileType = sourcecode.cpp.h; path = LoadedWorld.hpp; sourceTree = "<group>"; };
		10CED28C1A3A263D00735617 /* LoadedWorld.cpp */ = {isa = PBXFileReference; fileEncoding = 4; lastKnownFileType = sourcecode.cpp.cpp; path = LoadedWorld.cpp; sourceTree = "<group>"; };
/* End PBXFileReference section */

/* Begin PBXFrameworksBuildPhase section */
		10CED2781A3A262000735617 /* Frameworks */ = {
			isa = PBXFrameworksBuildPhase;
			buildActionMask = 2147483647;
			files = (
			);
			runOnlyForDeploymentPostprocessing = 0;
		};
/* End PBXFrameworksBuildPhase section */

/* Begin PBXGroup section */
		10CED2721A3A262000735617 = {
			isa = PBXGroup;
			children = (
				10CED2891A3A263D00735617 /* Include */,
				10CED28B1A3A263D00735617 /* Source */,
				10CED27C1A3A262000735617 /* Products */,
			);
			sourceTree = "<group>";
		};
		10CED27C1A3A262000735617 /* Products */ = {
			isa = PBXGroup;
			children = (
				10CED27B1A3A262000735617 /* libLoadedWorld.a */,
			);
			name = Products;
			sourceTree = "<group>";
		};
		10CED2891A3A263D00735617 /* Include */ = {
			isa = PBXGroup;
			children = (
				10CED28A1A3A263D00735617 /* LoadedWorld.hpp */,
			);
			path = Include;
			sourceTree = "<group>";
		};
		10CED28B1A3A263D00735617 /* Source */ = {
			isa = PBXGroup;
			children = (
				10CED28C1A3A263D00735617 /* LoadedWorld.cpp */,
			);
			path = Source;
			sourceTree = "<group>";
		};
/* End PBXGroup section */

/* Begin PBXHeadersBuildPhase section */
		10CED2791A3A262000735617 /* Headers */ = {
			isa = PBXHeadersBuildPhase;
			buildActionMask = 2147483647;
			files = (
				10CED28D1A3A263D00735617 /* LoadedWorld.hpp in Headers */,
			);
			runOnlyForDeploymentPostprocessing = 0;
		};
/* End PBXHeadersBuildPhase section */

/* Begin PBXNativeTarget section */
		10CED27A1A3A262000735617 /* LoadedWorld */ = {
			isa = PBXNativeTarget;
			buildConfigurationList = 10CED2861A3A262000735617 /* Build configuration list for PBXNativeTarget "LoadedWorld" */;
			buildPhases = (
				10CED2771A3A262000735617 /* Sources */,
				10CED2781A3A262000735617 /* Frameworks */,
				10CED2791A3A262000735617 /* Headers */,
			);
			buildRules = (
			);
			dependencies = (
			);
			name = LoadedWorld;
			productName = LoadedWorld;
			productReference = 10CED27B1A3A262000735617 /* libLoadedWorld.a */;
			productType = "com.apple.product-type.library.static";
		};
/* End PBXNativeTarget section */

/* Begin PBXProject section */
		10CED2731A3A262000735617 /* Project object */ = {
			isa = PBXProject;
			attributes = {
				LastUpgradeCheck = 0610;
				ORGANIZATIONNAME = "Jordan Littlefair";
				TargetAttributes = {
					10CED27A1A3A262000735617 = {
						CreatedOnToolsVersion = 6.1.1;
					};
				};
			};
			buildConfigurationList = 10CED2761A3A262000735617 /* Build configuration list for PBXProject "LoadedWorld" */;
			compatibilityVersion = "Xcode 3.2";
			developmentRegion = English;
			hasScannedForEncodings = 0;
			knownRegions = (
				en,
			);
			mainGroup = 10CED2721A3A262000735617;
			productRefGroup = 10CED27C1A3A262000735617 /* Products */;
			projectDirPath = "";
			projectRoot = "";
			targets = (
				10CED27A1A3A262000735617 /* LoadedWorld */,
			);
		};
/* End PBXProject section */

/* Begin PBXSourcesBuildPhase section */
		10CED2771A3A262000735617 /* Sources */ = {
			isa = PBXSourcesBuildPhase;
			buildActionMask = 2147483647;
			files = (
				10CED28E1A3A263D00735617 /* LoadedWorld.cpp in Sources */,
			);
			runOnlyForDeploymentPostprocessing = 0;
		};
/* End PBXSourcesBuildPhase section */

/* Begin XCBuildConfiguration section */
		10CED2841A3A262000735617 /* Debug */ = {
			isa = XCBuildConfiguration;
			buildSettings = {
				ALWAYS_SEARCH_USER_PATHS = NO;
				CLANG_CXX_LANGUAGE_STANDARD = "gnu++0x";
				CLANG_CXX_LIBRARY = "libc++";
				CLANG_ENABLE_MODULES = YES;
				CLANG_ENABLE_OBJC_ARC = YES;
				CLANG_WARN_BOOL_CONVERSION = YES;
				CLANG_WARN_CONSTANT_CONVERSION = YES;
				CLANG_WARN_DIRECT_OBJC_ISA_USAGE = YES_ERROR;
				CLANG_WARN_EMPTY_BODY = YES;
				CLANG_WARN_ENUM_CONVERSION = YES;
				CLANG_WARN_INT_CONVERSION = YES;
				CLANG_WARN_OBJC_ROOT_CLASS = YES_ERROR;
				CLANG_WARN_UNREACHABLE_CODE = YES;
				CLANG_WARN__DUPLICATE_METHOD_MATCH = YES;
				COPY_PHASE_STRIP = NO;
				ENABLE_STRICT_OBJC_MSGSEND = YES;
				GCC_C_LANGUAGE_STANDARD = gnu99;
				GCC_DYNAMIC_NO_PIC = NO;
				GCC_OPTIMIZATION_LEVEL = 0;
				GCC_PREPROCESSOR_DEFINITIONS = (
					"DEBUG=1",
					"$(inherited)",
				);
				GCC_SYMBOLS_PRIVATE_EXTERN = NO;
				GCC_WARN_64_TO_32_BIT_CONVERSION = YES;
				GCC_WARN_ABOUT_RETURN_TYPE = YES_ERROR;
				GCC_WARN_UNDECLARED_SELECTOR = YES;
				GCC_WARN_UNINITIALIZED_AUTOS = YES_AGGRESSIVE;
				GCC_WARN_UNUSED_FUNCTION = YES;
				GCC_WARN_UNUSED_VARIABLE = YES;
				MACOSX_DEPLOYMENT_TARGET = 10.10;
				MTL_ENABLE_DEBUG_INFO = YES;
				ONLY_ACTIVE_ARCH = YES;
				SDKROOT = macosx;
			};
			name = Debug;
		};
		10CED2851A3A262000735617 /* Release */ = {
			isa = XCBuildConfiguration;
			buildSettings = {
				ALWAYS_SEARCH_USER_PATHS = NO;
				CLANG_CXX_LANGUAGE_STANDARD = "gnu++0x";
				CLANG_CXX_LIBRARY = "libc++";
				CLANG_ENABLE_MODULES = YES;
				CLANG_ENABLE_OBJC_ARC = YES;
				CLANG_WARN_BOOL_CONVERSION = YES;
				CLANG_WARN_CONSTANT_CONVERSION = YES;
				CLANG_WARN_DIRECT_OBJC_ISA_USAGE = YES_ERROR;
				CLANG_WARN_EMPTY_BODY = YES;
				CLANG_WARN_ENUM_CONVERSION = YES;
				CLANG_WARN_INT_CONVERSION = YES;
				CLANG_WARN_OBJC_ROOT_CLASS = YES_ERROR;
				CLANG_WARN_UNREACHABLE_CODE = YES;
				CLANG_WARN__DUPLICATE_METHOD_MATCH = YES;
				COPY_PHASE_STRIP = YES;
				DEBUG_INFORMATION_FORMAT = "dwarf-with-dsym";
				ENABLE_NS_ASSERTIONS = NO;
				ENABLE_STRICT_OBJC_MSGSEND = YES;
				GCC_C_LANGUAGE_STANDARD = gnu99;
				GCC_WARN_64_TO_32_BIT_CONVERSION = YES;
				GCC_WARN_ABOUT_RETURN_TYPE = YES_ERROR;
				GCC_WARN_UNDECLARED_SELECTOR = YES;
				GCC_WARN_UNINITIALIZED_AUTOS = YES_AGGRESSIVE;
				GCC_WARN_UNUSED_FUNCTION = YES;
				GCC_WARN_UNUSED_VARIABLE = YES;
				MACOSX_DEPLOYMENT_TARGET = 10.10;
				MTL_ENABLE_DEBUG_INFO = NO;
				SDKROOT = macosx;
			};
			name = Release;
		};
		10CED2871A3A262000735617 /* Debug */ = {
			isa = XCBuildConfiguration;
			buildSettings = {
				EXECUTABLE_PREFIX = lib;
				GCC_ENABLE_CPP_EXCEPTIONS = YES;
				GCC_ENABLE_CPP_RTTI = YES;
				GCC_SYMBOLS_PRIVATE_EXTERN = NO;
				PRODUCT_NAME = "$(TARGET_NAME)";
			};
			name = Debug;
		};
		10CED2881A3A262000735617 /* Release */ = {
			isa = XCBuildConfiguration;
			buildSettings = {
				EXECUTABLE_PREFIX = lib;
				GCC_ENABLE_CPP_EXCEPTIONS = YES;
				GCC_ENABLE_CPP_RTTI = YES;
				GCC_SYMBOLS_PRIVATE_EXTERN = NO;
				PRODUCT_NAME = "$(TARGET_NAME)";
			};
			name = Release;
		};
/* End XCBuildConfiguration section */

/* Begin XCConfigurationList section */
		10CED2761A3A262000735617 /* Build configuration list for PBXProject "LoadedWorld" */ = {
			isa = XCConfigurationList;
			buildConfigurations = (
				10CED2841A3A262000735617 /* Debug */,
				10CED2851A3A262000735617 /* Release */,
			);
			defaultConfigurationIsVisible = 0;
			defaultConfigurationName = Release;
		};
		10CED2861A3A262000735617 /* Build configuration list for PBXNativeTarget "LoadedWorld" */ = {
			isa = XCConfigurationList;
			buildConfigurations = (
				10CED2871A3A262000735617 /* Debug */,
				10CED2881A3A262000735617 /* Release */,
			);
			defaultConfigurationIsVisible = 0;
		};
/* End XCConfigurationList section */
	};
	rootObject = 10CED2731A3A262000735617 /* Project object */;
}
